// !$*UTF8*$!
{
	archiveVersion = 1;
	classes = {
	};
	objectVersion = 55;
	objects = {

/* Begin PBXBuildFile section */
		87D4BE7715D404C72E0B8317 /* Pods_MeetMe.framework in Frameworks */ = {isa = PBXBuildFile; fileRef = 20EE7A69A0F7488743F0EF7D /* Pods_MeetMe.framework */; };
		E84B770027E1FD5900D985A8 /* toDo.rtf in Resources */ = {isa = PBXBuildFile; fileRef = E84B76FF27E1FD5900D985A8 /* toDo.rtf */; };
		E84D11542801A1F8008D36D0 /* EmailCodeCheckVC.swift in Sources */ = {isa = PBXBuildFile; fileRef = E84D11532801A1F8008D36D0 /* EmailCodeCheckVC.swift */; };
		E84D11582803935A008D36D0 /* GroupEditDTO.swift in Sources */ = {isa = PBXBuildFile; fileRef = E84D115728039359008D36D0 /* GroupEditDTO.swift */; };
		E853FBBA27E912B8001313E0 /* AddParticipantCell.swift in Sources */ = {isa = PBXBuildFile; fileRef = E853FBB927E912B8001313E0 /* AddParticipantCell.swift */; };
		E853FBBF27E9174D001313E0 /* ChooseParticipantsPresenter.swift in Sources */ = {isa = PBXBuildFile; fileRef = E853FBBE27E9174D001313E0 /* ChooseParticipantsPresenter.swift */; };
		E853FBC327EA12C2001313E0 /* CreateGroupPresenter.swift in Sources */ = {isa = PBXBuildFile; fileRef = E853FBC227EA12C2001313E0 /* CreateGroupPresenter.swift */; };
		E853FBC727EBAD28001313E0 /* GroupCell.swift in Sources */ = {isa = PBXBuildFile; fileRef = E853FBC627EBAD28001313E0 /* GroupCell.swift */; };
		E853FBCA27EBB3F6001313E0 /* GroupScreen.swift in Sources */ = {isa = PBXBuildFile; fileRef = E853FBC927EBB3F6001313E0 /* GroupScreen.swift */; };
		E853FBCC27EBBBBB001313E0 /* ExtendedMeetingCell.swift in Sources */ = {isa = PBXBuildFile; fileRef = E853FBCB27EBBBBB001313E0 /* ExtendedMeetingCell.swift */; };
		E853FBD027ECA42D001313E0 /* ViewParticipantsVC.swift in Sources */ = {isa = PBXBuildFile; fileRef = E853FBCF27ECA42D001313E0 /* ViewParticipantsVC.swift */; };
		E853FBD227ECE58C001313E0 /* AuthRequests.swift in Sources */ = {isa = PBXBuildFile; fileRef = E853FBD127ECE58C001313E0 /* AuthRequests.swift */; };
		E853FBD427ECE5E3001313E0 /* MeetMeRequests.swift in Sources */ = {isa = PBXBuildFile; fileRef = E853FBD327ECE5E3001313E0 /* MeetMeRequests.swift */; };
		E853FBD627ECE7EE001313E0 /* RegisterInfo.swift in Sources */ = {isa = PBXBuildFile; fileRef = E853FBD527ECE7EE001313E0 /* RegisterInfo.swift */; };
		E853FBD827ED0A1E001313E0 /* Responce.swift in Sources */ = {isa = PBXBuildFile; fileRef = E853FBD727ED0A1E001313E0 /* Responce.swift */; };
		E853FBDB27F0BE34001313E0 /* IDDTO.swift in Sources */ = {isa = PBXBuildFile; fileRef = E853FBDA27F0BE34001313E0 /* IDDTO.swift */; };
		E853FBDE27F0C121001313E0 /* MeetingDTO.swift in Sources */ = {isa = PBXBuildFile; fileRef = E853FBDD27F0C121001313E0 /* MeetingDTO.swift */; };
		E853FBE027F0CA55001313E0 /* AccountDTO.swift in Sources */ = {isa = PBXBuildFile; fileRef = E853FBDF27F0CA55001313E0 /* AccountDTO.swift */; };
		E853FBE227F0D915001313E0 /* InterestsParser.swift in Sources */ = {isa = PBXBuildFile; fileRef = E853FBE127F0D915001313E0 /* InterestsParser.swift */; };
		E853FBE427F122CD001313E0 /* EditMeetingDTO.swift in Sources */ = {isa = PBXBuildFile; fileRef = E853FBE327F122CD001313E0 /* EditMeetingDTO.swift */; };
		E853FBE627F1E563001313E0 /* Data+.swift in Sources */ = {isa = PBXBuildFile; fileRef = E853FBE527F1E563001313E0 /* Data+.swift */; };
		E853FBE827F33569001313E0 /* GroupDTO.swift in Sources */ = {isa = PBXBuildFile; fileRef = E853FBE727F33568001313E0 /* GroupDTO.swift */; };
		E853FBEA27F33E1E001313E0 /* GroupRequests.swift in Sources */ = {isa = PBXBuildFile; fileRef = E853FBE927F33E1E001313E0 /* GroupRequests.swift */; };
		E853FBEC27F4916B001313E0 /* UserInvitations.swift in Sources */ = {isa = PBXBuildFile; fileRef = E853FBEB27F4916A001313E0 /* UserInvitations.swift */; };
		E853FBEE27F52E2C001313E0 /* EditAccountDTO.swift in Sources */ = {isa = PBXBuildFile; fileRef = E853FBED27F52E2C001313E0 /* EditAccountDTO.swift */; };
		E853FBF127F610A8001313E0 /* Kingfisher in Frameworks */ = {isa = PBXBuildFile; productRef = E853FBF027F610A8001313E0 /* Kingfisher */; };
		E853FBF327F6178B001313E0 /* ImageDTO.swift in Sources */ = {isa = PBXBuildFile; fileRef = E853FBF227F6178B001313E0 /* ImageDTO.swift */; };
		E853FBF527F62DED001313E0 /* JWTBullshit.swift in Sources */ = {isa = PBXBuildFile; fileRef = E853FBF427F62DED001313E0 /* JWTBullshit.swift */; };
		E853FBF727F6757E001313E0 /* MeetingSearchDTO.swift in Sources */ = {isa = PBXBuildFile; fileRef = E853FBF627F6757D001313E0 /* MeetingSearchDTO.swift */; };
		E87FE45028B9033B00E9D2E3 /* AccountView.swift in Sources */ = {isa = PBXBuildFile; fileRef = E87FE44F28B9033B00E9D2E3 /* AccountView.swift */; };
		E87FE45228BE83A600E9D2E3 /* LoginView.swift in Sources */ = {isa = PBXBuildFile; fileRef = E87FE45128BE83A600E9D2E3 /* LoginView.swift */; };
		E87FE45428BE8E8500E9D2E3 /* SignUpView.swift in Sources */ = {isa = PBXBuildFile; fileRef = E87FE45328BE8E8500E9D2E3 /* SignUpView.swift */; };
		E87FE45628C0BECE00E9D2E3 /* ChooseParticipantsView.swift in Sources */ = {isa = PBXBuildFile; fileRef = E87FE45528C0BECE00E9D2E3 /* ChooseParticipantsView.swift */; };
		E87FE45828C0DDD100E9D2E3 /* ConontextualActionsService.swift in Sources */ = {isa = PBXBuildFile; fileRef = E87FE45728C0DDD100E9D2E3 /* ConontextualActionsService.swift */; };
		E87FE45A28C0F76800E9D2E3 /* FriendsView.swift in Sources */ = {isa = PBXBuildFile; fileRef = E87FE45928C0F76800E9D2E3 /* FriendsView.swift */; };
		E87FE45C28C24E2B00E9D2E3 /* EditAccountView.swift in Sources */ = {isa = PBXBuildFile; fileRef = E87FE45B28C24E2B00E9D2E3 /* EditAccountView.swift */; };
		E87FE45E28C2535C00E9D2E3 /* CreateGroupView.swift in Sources */ = {isa = PBXBuildFile; fileRef = E87FE45D28C2535C00E9D2E3 /* CreateGroupView.swift */; };
		E87FE46028C2635900E9D2E3 /* GroupScreenHeaderView.swift in Sources */ = {isa = PBXBuildFile; fileRef = E87FE45F28C2635900E9D2E3 /* GroupScreenHeaderView.swift */; };
		E87FE46228C26A8600E9D2E3 /* MeetingInfoView.swift in Sources */ = {isa = PBXBuildFile; fileRef = E87FE46128C26A8600E9D2E3 /* MeetingInfoView.swift */; };
		E87FE46428C26D5100E9D2E3 /* CreateMeetingView.swift in Sources */ = {isa = PBXBuildFile; fileRef = E87FE46328C26D5000E9D2E3 /* CreateMeetingView.swift */; };
		E87FE46728C3ADCD00E9D2E3 /* CacheService.swift in Sources */ = {isa = PBXBuildFile; fileRef = E87FE46628C3ADCD00E9D2E3 /* CacheService.swift */; };
		E8A10ABB27E5F895008A43CA /* ViewFriendCell.swift in Sources */ = {isa = PBXBuildFile; fileRef = E8A10ABA27E5F895008A43CA /* ViewFriendCell.swift */; };
		E8A10ABD27E78645008A43CA /* FriendsRequests.swift in Sources */ = {isa = PBXBuildFile; fileRef = E8A10ABC27E78645008A43CA /* FriendsRequests.swift */; };
		E8A10ABF27E78660008A43CA /* MeetingRequests.swift in Sources */ = {isa = PBXBuildFile; fileRef = E8A10ABE27E78660008A43CA /* MeetingRequests.swift */; };
		E8A10AC127E78A07008A43CA /* AccountRequests.swift in Sources */ = {isa = PBXBuildFile; fileRef = E8A10AC027E78A07008A43CA /* AccountRequests.swift */; };
		E8C09B2D27C7BBB800597ED7 /* AppDelegate.swift in Sources */ = {isa = PBXBuildFile; fileRef = E8C09B2C27C7BBB800597ED7 /* AppDelegate.swift */; };
		E8C09B2F27C7BBB800597ED7 /* SceneDelegate.swift in Sources */ = {isa = PBXBuildFile; fileRef = E8C09B2E27C7BBB800597ED7 /* SceneDelegate.swift */; };
		E8C09B3427C7BBB800597ED7 /* Main.storyboard in Resources */ = {isa = PBXBuildFile; fileRef = E8C09B3227C7BBB800597ED7 /* Main.storyboard */; };
		E8C09B3727C7BBB800597ED7 /* MeetMe.xcdatamodeld in Sources */ = {isa = PBXBuildFile; fileRef = E8C09B3527C7BBB800597ED7 /* MeetMe.xcdatamodeld */; };
		E8C09B3927C7BBBA00597ED7 /* Assets.xcassets in Resources */ = {isa = PBXBuildFile; fileRef = E8C09B3827C7BBBA00597ED7 /* Assets.xcassets */; };
		E8C09B3C27C7BBBA00597ED7 /* LaunchScreen.storyboard in Resources */ = {isa = PBXBuildFile; fileRef = E8C09B3A27C7BBBA00597ED7 /* LaunchScreen.storyboard */; };
		E8C09B4427C7BE0E00597ED7 /* AccountPresenter.swift in Sources */ = {isa = PBXBuildFile; fileRef = E8C09B4327C7BE0E00597ED7 /* AccountPresenter.swift */; };
		E8C09B4627C7BE3000597ED7 /* MeetingsVC.swift in Sources */ = {isa = PBXBuildFile; fileRef = E8C09B4527C7BE3000597ED7 /* MeetingsVC.swift */; };
		E8C09B4827C7BE3D00597ED7 /* GroupsVC.swift in Sources */ = {isa = PBXBuildFile; fileRef = E8C09B4727C7BE3D00597ED7 /* GroupsVC.swift */; };
		E8C09B4E27C811E900597ED7 /* UIView+.swift in Sources */ = {isa = PBXBuildFile; fileRef = E8C09B4D27C811E900597ED7 /* UIView+.swift */; };
		E8C09B5127C97B1400597ED7 /* NavigationHandler.swift in Sources */ = {isa = PBXBuildFile; fileRef = E8C09B5027C97B1400597ED7 /* NavigationHandler.swift */; };
		E8C09B5327C97C6600597ED7 /* LoginPresenter.swift in Sources */ = {isa = PBXBuildFile; fileRef = E8C09B5227C97C6600597ED7 /* LoginPresenter.swift */; };
		E8C09B5727C97CAA00597ED7 /* SignUpPresenter.swift in Sources */ = {isa = PBXBuildFile; fileRef = E8C09B5627C97CAA00597ED7 /* SignUpPresenter.swift */; };
		E8C09B5A27C97CF500597ED7 /* Styling.swift in Sources */ = {isa = PBXBuildFile; fileRef = E8C09B5927C97CF500597ED7 /* Styling.swift */; };
		E8C09B5D27CFFD8000597ED7 /* Meeting.swift in Sources */ = {isa = PBXBuildFile; fileRef = E8C09B5C27CFFD8000597ED7 /* Meeting.swift */; };
		E8C09B5F27CFFF4000597ED7 /* Account.swift in Sources */ = {isa = PBXBuildFile; fileRef = E8C09B5E27CFFF4000597ED7 /* Account.swift */; };
		E8C09B6127D000DA00597ED7 /* Interests.swift in Sources */ = {isa = PBXBuildFile; fileRef = E8C09B6027D000DA00597ED7 /* Interests.swift */; };
		E8C09B6427D0FBA700597ED7 /* MeetingCell.swift in Sources */ = {isa = PBXBuildFile; fileRef = E8C09B6327D0FBA700597ED7 /* MeetingCell.swift */; };
		E8C09B6627D1296500597ED7 /* SearchFilterVC.swift in Sources */ = {isa = PBXBuildFile; fileRef = E8C09B6527D1296500597ED7 /* SearchFilterVC.swift */; };
		E8C09B6927D129E600597ED7 /* MeetingSearchFilter.swift in Sources */ = {isa = PBXBuildFile; fileRef = E8C09B6827D129E600597ED7 /* MeetingSearchFilter.swift */; };
		E8C09B7127D155D600597ED7 /* Checkbox.swift in Sources */ = {isa = PBXBuildFile; fileRef = E8C09B7027D155D600597ED7 /* Checkbox.swift */; };
		E8C09B7327D7F45000597ED7 /* User.swift in Sources */ = {isa = PBXBuildFile; fileRef = E8C09B7227D7F45000597ED7 /* User.swift */; };
		E8C09B7527D7F62900597ED7 /* Group.swift in Sources */ = {isa = PBXBuildFile; fileRef = E8C09B7427D7F62900597ED7 /* Group.swift */; };
		E8C09B8027DA2E9B00597ED7 /* NetworkMonitor.swift in Sources */ = {isa = PBXBuildFile; fileRef = E8C09B7F27DA2E9B00597ED7 /* NetworkMonitor.swift */; };
		E8C09B8227DA354400597ED7 /* ErrorChecker.swift in Sources */ = {isa = PBXBuildFile; fileRef = E8C09B8127DA354400597ED7 /* ErrorChecker.swift */; };
		E8C09B8427DA383400597ED7 /* Errors.swift in Sources */ = {isa = PBXBuildFile; fileRef = E8C09B8327DA383400597ED7 /* Errors.swift */; };
		E8C09B8627DB96E000597ED7 /* InterestsVC.swift in Sources */ = {isa = PBXBuildFile; fileRef = E8C09B8527DB96DF00597ED7 /* InterestsVC.swift */; };
		E8C09B8827DC0B1500597ED7 /* EditAccountPresenter.swift in Sources */ = {isa = PBXBuildFile; fileRef = E8C09B8727DC0B1500597ED7 /* EditAccountPresenter.swift */; };
		E8C09B8A27DCE4EE00597ED7 /* CreateMeetingPresenter.swift in Sources */ = {isa = PBXBuildFile; fileRef = E8C09B8927DCE4ED00597ED7 /* CreateMeetingPresenter.swift */; };
		E8C09B8C27DE44C700597ED7 /* UIStackView+.swift in Sources */ = {isa = PBXBuildFile; fileRef = E8C09B8B27DE44C600597ED7 /* UIStackView+.swift */; };
		E8C09B8E27DEC43000597ED7 /* MeetingInfoPresenter.swift in Sources */ = {isa = PBXBuildFile; fileRef = E8C09B8D27DEC42F00597ED7 /* MeetingInfoPresenter.swift */; };
		E8C09B9027DF3A5300597ED7 /* FriendsPresenter.swift in Sources */ = {isa = PBXBuildFile; fileRef = E8C09B8F27DF3A5300597ED7 /* FriendsPresenter.swift */; };
		E8EC4FDE27FAFCAC00DDE392 /* MeetingSearchResultsVC.swift in Sources */ = {isa = PBXBuildFile; fileRef = E8EC4FDD27FAFCAC00DDE392 /* MeetingSearchResultsVC.swift */; };
		E8EC4FE027FC723800DDE392 /* AccountSearchResultsVC.swift in Sources */ = {isa = PBXBuildFile; fileRef = E8EC4FDF27FC723800DDE392 /* AccountSearchResultsVC.swift */; };
		E8EC4FE227FCA07A00DDE392 /* GroupSearchResultVC.swift in Sources */ = {isa = PBXBuildFile; fileRef = E8EC4FE127FCA07A00DDE392 /* GroupSearchResultVC.swift */; };
		E8EC4FE527FDF87D00DDE392 /* MessageKit in Frameworks */ = {isa = PBXBuildFile; productRef = E8EC4FE427FDF87D00DDE392 /* MessageKit */; };
		E8EC4FE727FE2E5900DDE392 /* ChatVC.swift in Sources */ = {isa = PBXBuildFile; fileRef = E8EC4FE627FE2E5900DDE392 /* ChatVC.swift */; };
		E8EC4FE927FE2FA200DDE392 /* MeetingInvitationsDTO.swift in Sources */ = {isa = PBXBuildFile; fileRef = E8EC4FE827FE2FA200DDE392 /* MeetingInvitationsDTO.swift */; };
		E8EC4FEC27FE435900DDE392 /* InputBarAccessoryView in Frameworks */ = {isa = PBXBuildFile; productRef = E8EC4FEB27FE435900DDE392 /* InputBarAccessoryView */; };
		E8EC4FEF27FF2BA100DDE392 /* PhotoGalleryVC.swift in Sources */ = {isa = PBXBuildFile; fileRef = E8EC4FEE27FF2BA100DDE392 /* PhotoGalleryVC.swift */; };
		E8EC4FF127FF2DF300DDE392 /* PhotoCell.swift in Sources */ = {isa = PBXBuildFile; fileRef = E8EC4FF027FF2DF300DDE392 /* PhotoCell.swift */; };
		E8EC4FF427FF43B500DDE392 /* PhotoCollectionFooter.swift in Sources */ = {isa = PBXBuildFile; fileRef = E8EC4FF327FF43B500DDE392 /* PhotoCollectionFooter.swift */; };
		E8EC4FF627FF789300DDE392 /* ImageStoreRequest.swift in Sources */ = {isa = PBXBuildFile; fileRef = E8EC4FF527FF789300DDE392 /* ImageStoreRequest.swift */; };
		E8F374AF28048BD500F52E1D /* ChatMessageDTO.swift in Sources */ = {isa = PBXBuildFile; fileRef = E8F374AE28048BD500F52E1D /* ChatMessageDTO.swift */; };
		E8F374B128048C8D00F52E1D /* ChatRequests.swift in Sources */ = {isa = PBXBuildFile; fileRef = E8F374B028048C8D00F52E1D /* ChatRequests.swift */; };
		E8F374B328048FEC00F52E1D /* GetChatDTO.swift in Sources */ = {isa = PBXBuildFile; fileRef = E8F374B228048FEC00F52E1D /* GetChatDTO.swift */; };
		E8F374B52804910200F52E1D /* ChatSendMessageDTO.swift in Sources */ = {isa = PBXBuildFile; fileRef = E8F374B42804910200F52E1D /* ChatSendMessageDTO.swift */; };
		E8F374B72804BA2500F52E1D /* ChatMessage.swift in Sources */ = {isa = PBXBuildFile; fileRef = E8F374B62804BA2500F52E1D /* ChatMessage.swift */; };
		E8F374BA280A0D4B00F52E1D /* InterestCell.swift in Sources */ = {isa = PBXBuildFile; fileRef = E8F374B9280A0D4A00F52E1D /* InterestCell.swift */; };
/* End PBXBuildFile section */

/* Begin PBXFileReference section */
		20EE7A69A0F7488743F0EF7D /* Pods_MeetMe.framework */ = {isa = PBXFileReference; explicitFileType = wrapper.framework; includeInIndex = 0; path = Pods_MeetMe.framework; sourceTree = BUILT_PRODUCTS_DIR; };
		3F6D59591A6C60573D733A29 /* Pods-MeetMe.release.xcconfig */ = {isa = PBXFileReference; includeInIndex = 1; lastKnownFileType = text.xcconfig; name = "Pods-MeetMe.release.xcconfig"; path = "Target Support Files/Pods-MeetMe/Pods-MeetMe.release.xcconfig"; sourceTree = "<group>"; };
		E84B76FF27E1FD5900D985A8 /* toDo.rtf */ = {isa = PBXFileReference; lastKnownFileType = text.rtf; path = toDo.rtf; sourceTree = "<group>"; };
		E84D11532801A1F8008D36D0 /* EmailCodeCheckVC.swift */ = {isa = PBXFileReference; lastKnownFileType = sourcecode.swift; path = EmailCodeCheckVC.swift; sourceTree = "<group>"; };
		E84D115728039359008D36D0 /* GroupEditDTO.swift */ = {isa = PBXFileReference; lastKnownFileType = sourcecode.swift; path = GroupEditDTO.swift; sourceTree = "<group>"; };
		E853FBB927E912B8001313E0 /* AddParticipantCell.swift */ = {isa = PBXFileReference; lastKnownFileType = sourcecode.swift; path = AddParticipantCell.swift; sourceTree = "<group>"; };
		E853FBBE27E9174D001313E0 /* ChooseParticipantsPresenter.swift */ = {isa = PBXFileReference; lastKnownFileType = sourcecode.swift; path = ChooseParticipantsPresenter.swift; sourceTree = "<group>"; };
		E853FBC227EA12C2001313E0 /* CreateGroupPresenter.swift */ = {isa = PBXFileReference; lastKnownFileType = sourcecode.swift; path = CreateGroupPresenter.swift; sourceTree = "<group>"; };
		E853FBC627EBAD28001313E0 /* GroupCell.swift */ = {isa = PBXFileReference; lastKnownFileType = sourcecode.swift; path = GroupCell.swift; sourceTree = "<group>"; };
		E853FBC927EBB3F6001313E0 /* GroupScreen.swift */ = {isa = PBXFileReference; lastKnownFileType = sourcecode.swift; path = GroupScreen.swift; sourceTree = "<group>"; };
		E853FBCB27EBBBBB001313E0 /* ExtendedMeetingCell.swift */ = {isa = PBXFileReference; lastKnownFileType = sourcecode.swift; path = ExtendedMeetingCell.swift; sourceTree = "<group>"; };
		E853FBCF27ECA42D001313E0 /* ViewParticipantsVC.swift */ = {isa = PBXFileReference; lastKnownFileType = sourcecode.swift; path = ViewParticipantsVC.swift; sourceTree = "<group>"; };
		E853FBD127ECE58C001313E0 /* AuthRequests.swift */ = {isa = PBXFileReference; lastKnownFileType = sourcecode.swift; path = AuthRequests.swift; sourceTree = "<group>"; };
		E853FBD327ECE5E3001313E0 /* MeetMeRequests.swift */ = {isa = PBXFileReference; lastKnownFileType = sourcecode.swift; path = MeetMeRequests.swift; sourceTree = "<group>"; };
		E853FBD527ECE7EE001313E0 /* RegisterInfo.swift */ = {isa = PBXFileReference; lastKnownFileType = sourcecode.swift; path = RegisterInfo.swift; sourceTree = "<group>"; };
		E853FBD727ED0A1E001313E0 /* Responce.swift */ = {isa = PBXFileReference; lastKnownFileType = sourcecode.swift; path = Responce.swift; sourceTree = "<group>"; };
		E853FBDA27F0BE34001313E0 /* IDDTO.swift */ = {isa = PBXFileReference; lastKnownFileType = sourcecode.swift; path = IDDTO.swift; sourceTree = "<group>"; };
		E853FBDD27F0C121001313E0 /* MeetingDTO.swift */ = {isa = PBXFileReference; lastKnownFileType = sourcecode.swift; path = MeetingDTO.swift; sourceTree = "<group>"; };
		E853FBDF27F0CA55001313E0 /* AccountDTO.swift */ = {isa = PBXFileReference; lastKnownFileType = sourcecode.swift; path = AccountDTO.swift; sourceTree = "<group>"; };
		E853FBE127F0D915001313E0 /* InterestsParser.swift */ = {isa = PBXFileReference; lastKnownFileType = sourcecode.swift; path = InterestsParser.swift; sourceTree = "<group>"; };
		E853FBE327F122CD001313E0 /* EditMeetingDTO.swift */ = {isa = PBXFileReference; lastKnownFileType = sourcecode.swift; path = EditMeetingDTO.swift; sourceTree = "<group>"; };
		E853FBE527F1E563001313E0 /* Data+.swift */ = {isa = PBXFileReference; lastKnownFileType = sourcecode.swift; path = "Data+.swift"; sourceTree = "<group>"; };
		E853FBE727F33568001313E0 /* GroupDTO.swift */ = {isa = PBXFileReference; lastKnownFileType = sourcecode.swift; path = GroupDTO.swift; sourceTree = "<group>"; };
		E853FBE927F33E1E001313E0 /* GroupRequests.swift */ = {isa = PBXFileReference; lastKnownFileType = sourcecode.swift; path = GroupRequests.swift; sourceTree = "<group>"; };
		E853FBEB27F4916A001313E0 /* UserInvitations.swift */ = {isa = PBXFileReference; lastKnownFileType = sourcecode.swift; path = UserInvitations.swift; sourceTree = "<group>"; };
		E853FBED27F52E2C001313E0 /* EditAccountDTO.swift */ = {isa = PBXFileReference; lastKnownFileType = sourcecode.swift; path = EditAccountDTO.swift; sourceTree = "<group>"; };
		E853FBF227F6178B001313E0 /* ImageDTO.swift */ = {isa = PBXFileReference; lastKnownFileType = sourcecode.swift; path = ImageDTO.swift; sourceTree = "<group>"; };
		E853FBF427F62DED001313E0 /* JWTBullshit.swift */ = {isa = PBXFileReference; lastKnownFileType = sourcecode.swift; path = JWTBullshit.swift; sourceTree = "<group>"; };
		E853FBF627F6757D001313E0 /* MeetingSearchDTO.swift */ = {isa = PBXFileReference; lastKnownFileType = sourcecode.swift; path = MeetingSearchDTO.swift; sourceTree = "<group>"; };
		E87FE44F28B9033B00E9D2E3 /* AccountView.swift */ = {isa = PBXFileReference; lastKnownFileType = sourcecode.swift; path = AccountView.swift; sourceTree = "<group>"; };
		E87FE45128BE83A600E9D2E3 /* LoginView.swift */ = {isa = PBXFileReference; lastKnownFileType = sourcecode.swift; path = LoginView.swift; sourceTree = "<group>"; };
		E87FE45328BE8E8500E9D2E3 /* SignUpView.swift */ = {isa = PBXFileReference; lastKnownFileType = sourcecode.swift; path = SignUpView.swift; sourceTree = "<group>"; };
		E87FE45528C0BECE00E9D2E3 /* ChooseParticipantsView.swift */ = {isa = PBXFileReference; lastKnownFileType = sourcecode.swift; path = ChooseParticipantsView.swift; sourceTree = "<group>"; };
		E87FE45728C0DDD100E9D2E3 /* ConontextualActionsService.swift */ = {isa = PBXFileReference; lastKnownFileType = sourcecode.swift; path = ConontextualActionsService.swift; sourceTree = "<group>"; };
		E87FE45928C0F76800E9D2E3 /* FriendsView.swift */ = {isa = PBXFileReference; lastKnownFileType = sourcecode.swift; path = FriendsView.swift; sourceTree = "<group>"; };
		E87FE45B28C24E2B00E9D2E3 /* EditAccountView.swift */ = {isa = PBXFileReference; lastKnownFileType = sourcecode.swift; path = EditAccountView.swift; sourceTree = "<group>"; };
		E87FE45D28C2535C00E9D2E3 /* CreateGroupView.swift */ = {isa = PBXFileReference; lastKnownFileType = sourcecode.swift; path = CreateGroupView.swift; sourceTree = "<group>"; };
		E87FE45F28C2635900E9D2E3 /* GroupScreenHeaderView.swift */ = {isa = PBXFileReference; lastKnownFileType = sourcecode.swift; path = GroupScreenHeaderView.swift; sourceTree = "<group>"; };
		E87FE46128C26A8600E9D2E3 /* MeetingInfoView.swift */ = {isa = PBXFileReference; lastKnownFileType = sourcecode.swift; path = MeetingInfoView.swift; sourceTree = "<group>"; };
		E87FE46328C26D5000E9D2E3 /* CreateMeetingView.swift */ = {isa = PBXFileReference; lastKnownFileType = sourcecode.swift; path = CreateMeetingView.swift; sourceTree = "<group>"; };
		E87FE46628C3ADCD00E9D2E3 /* CacheService.swift */ = {isa = PBXFileReference; lastKnownFileType = sourcecode.swift; path = CacheService.swift; sourceTree = "<group>"; };
		E8A10ABA27E5F895008A43CA /* ViewFriendCell.swift */ = {isa = PBXFileReference; lastKnownFileType = sourcecode.swift; path = ViewFriendCell.swift; sourceTree = "<group>"; };
		E8A10ABC27E78645008A43CA /* FriendsRequests.swift */ = {isa = PBXFileReference; lastKnownFileType = sourcecode.swift; path = FriendsRequests.swift; sourceTree = "<group>"; };
		E8A10ABE27E78660008A43CA /* MeetingRequests.swift */ = {isa = PBXFileReference; lastKnownFileType = sourcecode.swift; path = MeetingRequests.swift; sourceTree = "<group>"; };
		E8A10AC027E78A07008A43CA /* AccountRequests.swift */ = {isa = PBXFileReference; lastKnownFileType = sourcecode.swift; path = AccountRequests.swift; sourceTree = "<group>"; };
		E8C09B2927C7BBB800597ED7 /* MeetMe.app */ = {isa = PBXFileReference; explicitFileType = wrapper.application; includeInIndex = 0; path = MeetMe.app; sourceTree = BUILT_PRODUCTS_DIR; };
		E8C09B2C27C7BBB800597ED7 /* AppDelegate.swift */ = {isa = PBXFileReference; lastKnownFileType = sourcecode.swift; path = AppDelegate.swift; sourceTree = "<group>"; };
		E8C09B2E27C7BBB800597ED7 /* SceneDelegate.swift */ = {isa = PBXFileReference; lastKnownFileType = sourcecode.swift; path = SceneDelegate.swift; sourceTree = "<group>"; };
		E8C09B3327C7BBB800597ED7 /* Base */ = {isa = PBXFileReference; lastKnownFileType = file.storyboard; name = Base; path = Base.lproj/Main.storyboard; sourceTree = "<group>"; };
		E8C09B3627C7BBB800597ED7 /* MeetMe.xcdatamodel */ = {isa = PBXFileReference; lastKnownFileType = wrapper.xcdatamodel; path = MeetMe.xcdatamodel; sourceTree = "<group>"; };
		E8C09B3827C7BBBA00597ED7 /* Assets.xcassets */ = {isa = PBXFileReference; lastKnownFileType = folder.assetcatalog; path = Assets.xcassets; sourceTree = "<group>"; };
		E8C09B3B27C7BBBA00597ED7 /* Base */ = {isa = PBXFileReference; lastKnownFileType = file.storyboard; name = Base; path = Base.lproj/LaunchScreen.storyboard; sourceTree = "<group>"; };
		E8C09B3D27C7BBBA00597ED7 /* Info.plist */ = {isa = PBXFileReference; lastKnownFileType = text.plist.xml; path = Info.plist; sourceTree = "<group>"; };
		E8C09B4327C7BE0E00597ED7 /* AccountPresenter.swift */ = {isa = PBXFileReference; lastKnownFileType = sourcecode.swift; path = AccountPresenter.swift; sourceTree = "<group>"; };
		E8C09B4527C7BE3000597ED7 /* MeetingsVC.swift */ = {isa = PBXFileReference; lastKnownFileType = sourcecode.swift; path = MeetingsVC.swift; sourceTree = "<group>"; };
		E8C09B4727C7BE3D00597ED7 /* GroupsVC.swift */ = {isa = PBXFileReference; lastKnownFileType = sourcecode.swift; path = GroupsVC.swift; sourceTree = "<group>"; };
		E8C09B4D27C811E900597ED7 /* UIView+.swift */ = {isa = PBXFileReference; lastKnownFileType = sourcecode.swift; path = "UIView+.swift"; sourceTree = "<group>"; };
		E8C09B5027C97B1400597ED7 /* NavigationHandler.swift */ = {isa = PBXFileReference; lastKnownFileType = sourcecode.swift; path = NavigationHandler.swift; sourceTree = "<group>"; };
		E8C09B5227C97C6600597ED7 /* LoginPresenter.swift */ = {isa = PBXFileReference; lastKnownFileType = sourcecode.swift; path = LoginPresenter.swift; sourceTree = "<group>"; };
		E8C09B5627C97CAA00597ED7 /* SignUpPresenter.swift */ = {isa = PBXFileReference; lastKnownFileType = sourcecode.swift; path = SignUpPresenter.swift; sourceTree = "<group>"; };
		E8C09B5927C97CF500597ED7 /* Styling.swift */ = {isa = PBXFileReference; lastKnownFileType = sourcecode.swift; path = Styling.swift; sourceTree = "<group>"; };
		E8C09B5C27CFFD8000597ED7 /* Meeting.swift */ = {isa = PBXFileReference; lastKnownFileType = sourcecode.swift; path = Meeting.swift; sourceTree = "<group>"; };
		E8C09B5E27CFFF4000597ED7 /* Account.swift */ = {isa = PBXFileReference; lastKnownFileType = sourcecode.swift; path = Account.swift; sourceTree = "<group>"; };
		E8C09B6027D000DA00597ED7 /* Interests.swift */ = {isa = PBXFileReference; lastKnownFileType = sourcecode.swift; path = Interests.swift; sourceTree = "<group>"; };
		E8C09B6327D0FBA700597ED7 /* MeetingCell.swift */ = {isa = PBXFileReference; lastKnownFileType = sourcecode.swift; path = MeetingCell.swift; sourceTree = "<group>"; };
		E8C09B6527D1296500597ED7 /* SearchFilterVC.swift */ = {isa = PBXFileReference; lastKnownFileType = sourcecode.swift; path = SearchFilterVC.swift; sourceTree = "<group>"; };
		E8C09B6827D129E600597ED7 /* MeetingSearchFilter.swift */ = {isa = PBXFileReference; lastKnownFileType = sourcecode.swift; path = MeetingSearchFilter.swift; sourceTree = "<group>"; };
		E8C09B7027D155D600597ED7 /* Checkbox.swift */ = {isa = PBXFileReference; lastKnownFileType = sourcecode.swift; path = Checkbox.swift; sourceTree = "<group>"; };
		E8C09B7227D7F45000597ED7 /* User.swift */ = {isa = PBXFileReference; lastKnownFileType = sourcecode.swift; path = User.swift; sourceTree = "<group>"; };
		E8C09B7427D7F62900597ED7 /* Group.swift */ = {isa = PBXFileReference; lastKnownFileType = sourcecode.swift; path = Group.swift; sourceTree = "<group>"; };
		E8C09B7F27DA2E9B00597ED7 /* NetworkMonitor.swift */ = {isa = PBXFileReference; lastKnownFileType = sourcecode.swift; path = NetworkMonitor.swift; sourceTree = "<group>"; };
		E8C09B8127DA354400597ED7 /* ErrorChecker.swift */ = {isa = PBXFileReference; lastKnownFileType = sourcecode.swift; path = ErrorChecker.swift; sourceTree = "<group>"; };
		E8C09B8327DA383400597ED7 /* Errors.swift */ = {isa = PBXFileReference; lastKnownFileType = sourcecode.swift; path = Errors.swift; sourceTree = "<group>"; };
		E8C09B8527DB96DF00597ED7 /* InterestsVC.swift */ = {isa = PBXFileReference; lastKnownFileType = sourcecode.swift; path = InterestsVC.swift; sourceTree = "<group>"; };
		E8C09B8727DC0B1500597ED7 /* EditAccountPresenter.swift */ = {isa = PBXFileReference; lastKnownFileType = sourcecode.swift; path = EditAccountPresenter.swift; sourceTree = "<group>"; };
		E8C09B8927DCE4ED00597ED7 /* CreateMeetingPresenter.swift */ = {isa = PBXFileReference; lastKnownFileType = sourcecode.swift; path = CreateMeetingPresenter.swift; sourceTree = "<group>"; };
		E8C09B8B27DE44C600597ED7 /* UIStackView+.swift */ = {isa = PBXFileReference; lastKnownFileType = sourcecode.swift; path = "UIStackView+.swift"; sourceTree = "<group>"; };
		E8C09B8D27DEC42F00597ED7 /* MeetingInfoPresenter.swift */ = {isa = PBXFileReference; lastKnownFileType = sourcecode.swift; path = MeetingInfoPresenter.swift; sourceTree = "<group>"; };
		E8C09B8F27DF3A5300597ED7 /* FriendsPresenter.swift */ = {isa = PBXFileReference; lastKnownFileType = sourcecode.swift; path = FriendsPresenter.swift; sourceTree = "<group>"; };
		E8EC4FDD27FAFCAC00DDE392 /* MeetingSearchResultsVC.swift */ = {isa = PBXFileReference; lastKnownFileType = sourcecode.swift; path = MeetingSearchResultsVC.swift; sourceTree = "<group>"; };
		E8EC4FDF27FC723800DDE392 /* AccountSearchResultsVC.swift */ = {isa = PBXFileReference; lastKnownFileType = sourcecode.swift; path = AccountSearchResultsVC.swift; sourceTree = "<group>"; };
		E8EC4FE127FCA07A00DDE392 /* GroupSearchResultVC.swift */ = {isa = PBXFileReference; lastKnownFileType = sourcecode.swift; path = GroupSearchResultVC.swift; sourceTree = "<group>"; };
		E8EC4FE627FE2E5900DDE392 /* ChatVC.swift */ = {isa = PBXFileReference; lastKnownFileType = sourcecode.swift; path = ChatVC.swift; sourceTree = "<group>"; };
		E8EC4FE827FE2FA200DDE392 /* MeetingInvitationsDTO.swift */ = {isa = PBXFileReference; lastKnownFileType = sourcecode.swift; path = MeetingInvitationsDTO.swift; sourceTree = "<group>"; };
		E8EC4FEE27FF2BA100DDE392 /* PhotoGalleryVC.swift */ = {isa = PBXFileReference; lastKnownFileType = sourcecode.swift; path = PhotoGalleryVC.swift; sourceTree = "<group>"; };
		E8EC4FF027FF2DF300DDE392 /* PhotoCell.swift */ = {isa = PBXFileReference; lastKnownFileType = sourcecode.swift; path = PhotoCell.swift; sourceTree = "<group>"; };
		E8EC4FF327FF43B500DDE392 /* PhotoCollectionFooter.swift */ = {isa = PBXFileReference; lastKnownFileType = sourcecode.swift; path = PhotoCollectionFooter.swift; sourceTree = "<group>"; };
		E8EC4FF527FF789300DDE392 /* ImageStoreRequest.swift */ = {isa = PBXFileReference; lastKnownFileType = sourcecode.swift; path = ImageStoreRequest.swift; sourceTree = "<group>"; };
		E8F374AE28048BD500F52E1D /* ChatMessageDTO.swift */ = {isa = PBXFileReference; lastKnownFileType = sourcecode.swift; path = ChatMessageDTO.swift; sourceTree = "<group>"; };
		E8F374B028048C8D00F52E1D /* ChatRequests.swift */ = {isa = PBXFileReference; lastKnownFileType = sourcecode.swift; path = ChatRequests.swift; sourceTree = "<group>"; };
		E8F374B228048FEC00F52E1D /* GetChatDTO.swift */ = {isa = PBXFileReference; lastKnownFileType = sourcecode.swift; path = GetChatDTO.swift; sourceTree = "<group>"; };
		E8F374B42804910200F52E1D /* ChatSendMessageDTO.swift */ = {isa = PBXFileReference; lastKnownFileType = sourcecode.swift; path = ChatSendMessageDTO.swift; sourceTree = "<group>"; };
		E8F374B62804BA2500F52E1D /* ChatMessage.swift */ = {isa = PBXFileReference; lastKnownFileType = sourcecode.swift; path = ChatMessage.swift; sourceTree = "<group>"; };
		E8F374B9280A0D4A00F52E1D /* InterestCell.swift */ = {isa = PBXFileReference; lastKnownFileType = sourcecode.swift; path = InterestCell.swift; sourceTree = "<group>"; };
		F5E79A61C15E656EAB76AFF2 /* Pods-MeetMe.debug.xcconfig */ = {isa = PBXFileReference; includeInIndex = 1; lastKnownFileType = text.xcconfig; name = "Pods-MeetMe.debug.xcconfig"; path = "Target Support Files/Pods-MeetMe/Pods-MeetMe.debug.xcconfig"; sourceTree = "<group>"; };
/* End PBXFileReference section */

/* Begin PBXFrameworksBuildPhase section */
		E8C09B2627C7BBB800597ED7 /* Frameworks */ = {
			isa = PBXFrameworksBuildPhase;
			buildActionMask = 2147483647;
			files = (
				E853FBF127F610A8001313E0 /* Kingfisher in Frameworks */,
				E8EC4FE527FDF87D00DDE392 /* MessageKit in Frameworks */,
				E8EC4FEC27FE435900DDE392 /* InputBarAccessoryView in Frameworks */,
				87D4BE7715D404C72E0B8317 /* Pods_MeetMe.framework in Frameworks */,
			);
			runOnlyForDeploymentPostprocessing = 0;
		};
/* End PBXFrameworksBuildPhase section */

/* Begin PBXGroup section */
		106BBD11CE395342B39F0863 /* Pods */ = {
			isa = PBXGroup;
			children = (
				F5E79A61C15E656EAB76AFF2 /* Pods-MeetMe.debug.xcconfig */,
				3F6D59591A6C60573D733A29 /* Pods-MeetMe.release.xcconfig */,
			);
			path = Pods;
			sourceTree = "<group>";
		};
		C8B0926D0D5EE05AEF8AF47A /* Frameworks */ = {
			isa = PBXGroup;
			children = (
				20EE7A69A0F7488743F0EF7D /* Pods_MeetMe.framework */,
			);
			name = Frameworks;
			sourceTree = "<group>";
		};
		E84B770127E2006D00D985A8 /* Meeting */ = {
			isa = PBXGroup;
			children = (
				E8C09B8D27DEC42F00597ED7 /* MeetingInfoPresenter.swift */,
				E87FE46128C26A8600E9D2E3 /* MeetingInfoView.swift */,
				E8C09B6527D1296500597ED7 /* SearchFilterVC.swift */,
				E8C09B8927DCE4ED00597ED7 /* CreateMeetingPresenter.swift */,
				E87FE46328C26D5000E9D2E3 /* CreateMeetingView.swift */,
			);
			path = Meeting;
			sourceTree = "<group>";
		};
		E853FBBB27E91315001313E0 /* NetworkingModels */ = {
			isa = PBXGroup;
			children = (
				E853FBDC27F0BE51001313E0 /* DTO */,
				E853FBD527ECE7EE001313E0 /* RegisterInfo.swift */,
				E853FBD727ED0A1E001313E0 /* Responce.swift */,
			);
			path = NetworkingModels;
			sourceTree = "<group>";
		};
		E853FBC827EBB3BB001313E0 /* Groups */ = {
			isa = PBXGroup;
			children = (
				E853FBC227EA12C2001313E0 /* CreateGroupPresenter.swift */,
				E87FE45D28C2535C00E9D2E3 /* CreateGroupView.swift */,
				E853FBC927EBB3F6001313E0 /* GroupScreen.swift */,
				E87FE45F28C2635900E9D2E3 /* GroupScreenHeaderView.swift */,
			);
			path = Groups;
			sourceTree = "<group>";
		};
		E853FBD927EE1FD1001313E0 /* Accounts */ = {
			isa = PBXGroup;
			children = (
				E853FBCF27ECA42D001313E0 /* ViewParticipantsVC.swift */,
				E853FBBE27E9174D001313E0 /* ChooseParticipantsPresenter.swift */,
				E87FE45528C0BECE00E9D2E3 /* ChooseParticipantsView.swift */,
				E8C09B8F27DF3A5300597ED7 /* FriendsPresenter.swift */,
				E87FE45928C0F76800E9D2E3 /* FriendsView.swift */,
				E8C09B8727DC0B1500597ED7 /* EditAccountPresenter.swift */,
				E87FE45B28C24E2B00E9D2E3 /* EditAccountView.swift */,
			);
			path = Accounts;
			sourceTree = "<group>";
		};
		E853FBDC27F0BE51001313E0 /* DTO */ = {
			isa = PBXGroup;
			children = (
				E853FBDA27F0BE34001313E0 /* IDDTO.swift */,
				E853FBDD27F0C121001313E0 /* MeetingDTO.swift */,
				E853FBDF27F0CA55001313E0 /* AccountDTO.swift */,
				E853FBE327F122CD001313E0 /* EditMeetingDTO.swift */,
				E853FBE727F33568001313E0 /* GroupDTO.swift */,
				E853FBED27F52E2C001313E0 /* EditAccountDTO.swift */,
				E853FBF227F6178B001313E0 /* ImageDTO.swift */,
				E853FBF427F62DED001313E0 /* JWTBullshit.swift */,
				E853FBF627F6757D001313E0 /* MeetingSearchDTO.swift */,
				E8EC4FE827FE2FA200DDE392 /* MeetingInvitationsDTO.swift */,
				E84D115728039359008D36D0 /* GroupEditDTO.swift */,
				E8F374AE28048BD500F52E1D /* ChatMessageDTO.swift */,
				E8F374B228048FEC00F52E1D /* GetChatDTO.swift */,
				E8F374B42804910200F52E1D /* ChatSendMessageDTO.swift */,
			);
			path = DTO;
			sourceTree = "<group>";
		};
		E87FE46528C3ADAF00E9D2E3 /* Services */ = {
			isa = PBXGroup;
			children = (
				E87FE45728C0DDD100E9D2E3 /* ConontextualActionsService.swift */,
				E8C09B7827DA249C00597ED7 /* NetworkingServices */,
				E87FE46628C3ADCD00E9D2E3 /* CacheService.swift */,
			);
			path = Services;
			sourceTree = "<group>";
		};
		E8C09B2027C7BBB800597ED7 = {
			isa = PBXGroup;
			children = (
				E8C09B2B27C7BBB800597ED7 /* MeetMe */,
				E8C09B2A27C7BBB800597ED7 /* Products */,
				106BBD11CE395342B39F0863 /* Pods */,
				C8B0926D0D5EE05AEF8AF47A /* Frameworks */,
			);
			sourceTree = "<group>";
		};
		E8C09B2A27C7BBB800597ED7 /* Products */ = {
			isa = PBXGroup;
			children = (
				E8C09B2927C7BBB800597ED7 /* MeetMe.app */,
			);
			name = Products;
			sourceTree = "<group>";
		};
		E8C09B2B27C7BBB800597ED7 /* MeetMe */ = {
			isa = PBXGroup;
			children = (
				E87FE46528C3ADAF00E9D2E3 /* Services */,
				E8C09B5B27CFFC9800597ED7 /* Models */,
				E8C09B5827C97CCA00597ED7 /* Helpers */,
				E8C09B4F27C8120800597ED7 /* Extensions */,
				E8C09B2C27C7BBB800597ED7 /* AppDelegate.swift */,
				E8C09B2E27C7BBB800597ED7 /* SceneDelegate.swift */,
				E8C09B3227C7BBB800597ED7 /* Main.storyboard */,
				E8C09B3827C7BBBA00597ED7 /* Assets.xcassets */,
				E8C09B3A27C7BBBA00597ED7 /* LaunchScreen.storyboard */,
				E8C09B3D27C7BBBA00597ED7 /* Info.plist */,
				E8C09B3527C7BBB800597ED7 /* MeetMe.xcdatamodeld */,
				E8C09B4927C7D25E00597ED7 /* Views&Presenters */,
				E84B76FF27E1FD5900D985A8 /* toDo.rtf */,
			);
			path = MeetMe;
			sourceTree = "<group>";
		};
		E8C09B4927C7D25E00597ED7 /* Views&Presenters */ = {
			isa = PBXGroup;
			children = (
				E8C09B6727D1297900597ED7 /* SecondaryViews */,
				E8C09B6227D0FB6800597ED7 /* Cells */,
				E8C09B5427C97C6B00597ED7 /* Authentification */,
				E8C09B4A27C7D26C00597ED7 /* MainViews */,
			);
			path = "Views&Presenters";
			sourceTree = "<group>";
		};
		E8C09B4A27C7D26C00597ED7 /* MainViews */ = {
			isa = PBXGroup;
			children = (
				E8C09B4727C7BE3D00597ED7 /* GroupsVC.swift */,
				E8C09B4527C7BE3000597ED7 /* MeetingsVC.swift */,
				E8C09B4327C7BE0E00597ED7 /* AccountPresenter.swift */,
				E87FE44F28B9033B00E9D2E3 /* AccountView.swift */,
			);
			path = MainViews;
			sourceTree = "<group>";
		};
		E8C09B4F27C8120800597ED7 /* Extensions */ = {
			isa = PBXGroup;
			children = (
				E8C09B4D27C811E900597ED7 /* UIView+.swift */,
				E8C09B8B27DE44C600597ED7 /* UIStackView+.swift */,
				E853FBE527F1E563001313E0 /* Data+.swift */,
			);
			path = Extensions;
			sourceTree = "<group>";
		};
		E8C09B5427C97C6B00597ED7 /* Authentification */ = {
			isa = PBXGroup;
			children = (
				E8C09B5227C97C6600597ED7 /* LoginPresenter.swift */,
				E87FE45128BE83A600E9D2E3 /* LoginView.swift */,
				E8C09B5627C97CAA00597ED7 /* SignUpPresenter.swift */,
				E87FE45328BE8E8500E9D2E3 /* SignUpView.swift */,
				E84D11532801A1F8008D36D0 /* EmailCodeCheckVC.swift */,
			);
			path = Authentification;
			sourceTree = "<group>";
		};
		E8C09B5827C97CCA00597ED7 /* Helpers */ = {
			isa = PBXGroup;
			children = (
				E853FBE127F0D915001313E0 /* InterestsParser.swift */,
				E8C09B5027C97B1400597ED7 /* NavigationHandler.swift */,
				E8C09B5927C97CF500597ED7 /* Styling.swift */,
				E8C09B7027D155D600597ED7 /* Checkbox.swift */,
				E8C09B8127DA354400597ED7 /* ErrorChecker.swift */,
			);
			path = Helpers;
			sourceTree = "<group>";
		};
		E8C09B5B27CFFC9800597ED7 /* Models */ = {
			isa = PBXGroup;
			children = (
				E8F374B8280884D400F52E1D /* App Models */,
				E853FBBB27E91315001313E0 /* NetworkingModels */,
			);
			path = Models;
			sourceTree = "<group>";
		};
		E8C09B6227D0FB6800597ED7 /* Cells */ = {
			isa = PBXGroup;
			children = (
				E8C09B6327D0FBA700597ED7 /* MeetingCell.swift */,
				E8A10ABA27E5F895008A43CA /* ViewFriendCell.swift */,
				E853FBB927E912B8001313E0 /* AddParticipantCell.swift */,
				E853FBC627EBAD28001313E0 /* GroupCell.swift */,
				E853FBCB27EBBBBB001313E0 /* ExtendedMeetingCell.swift */,
				E8EC4FF027FF2DF300DDE392 /* PhotoCell.swift */,
				E8F374B9280A0D4A00F52E1D /* InterestCell.swift */,
			);
			path = Cells;
			sourceTree = "<group>";
		};
		E8C09B6727D1297900597ED7 /* SecondaryViews */ = {
			isa = PBXGroup;
			children = (
				E8EC4FED27FF1B6D00DDE392 /* SearchVCs */,
				E853FBD927EE1FD1001313E0 /* Accounts */,
				E853FBC827EBB3BB001313E0 /* Groups */,
				E84B770127E2006D00D985A8 /* Meeting */,
				E8C09B8527DB96DF00597ED7 /* InterestsVC.swift */,
				E8EC4FE627FE2E5900DDE392 /* ChatVC.swift */,
				E8EC4FF327FF43B500DDE392 /* PhotoCollectionFooter.swift */,
				E8EC4FEE27FF2BA100DDE392 /* PhotoGalleryVC.swift */,
			);
			path = SecondaryViews;
			sourceTree = "<group>";
		};
		E8C09B7827DA249C00597ED7 /* NetworkingServices */ = {
			isa = PBXGroup;
			children = (
				E8C09B7F27DA2E9B00597ED7 /* NetworkMonitor.swift */,
				E8A10AC027E78A07008A43CA /* AccountRequests.swift */,
				E8A10ABC27E78645008A43CA /* FriendsRequests.swift */,
				E8A10ABE27E78660008A43CA /* MeetingRequests.swift */,
				E853FBD127ECE58C001313E0 /* AuthRequests.swift */,
				E853FBD327ECE5E3001313E0 /* MeetMeRequests.swift */,
				E853FBE927F33E1E001313E0 /* GroupRequests.swift */,
				E8EC4FF527FF789300DDE392 /* ImageStoreRequest.swift */,
				E8F374B028048C8D00F52E1D /* ChatRequests.swift */,
			);
			path = NetworkingServices;
			sourceTree = "<group>";
		};
		E8EC4FED27FF1B6D00DDE392 /* SearchVCs */ = {
			isa = PBXGroup;
			children = (
				E8EC4FDD27FAFCAC00DDE392 /* MeetingSearchResultsVC.swift */,
				E8EC4FDF27FC723800DDE392 /* AccountSearchResultsVC.swift */,
				E8EC4FE127FCA07A00DDE392 /* GroupSearchResultVC.swift */,
			);
			path = SearchVCs;
			sourceTree = "<group>";
		};
		E8F374B8280884D400F52E1D /* App Models */ = {
			isa = PBXGroup;
			children = (
				E8C09B5C27CFFD8000597ED7 /* Meeting.swift */,
				E8C09B5E27CFFF4000597ED7 /* Account.swift */,
				E8C09B6027D000DA00597ED7 /* Interests.swift */,
				E8C09B6827D129E600597ED7 /* MeetingSearchFilter.swift */,
				E8C09B7227D7F45000597ED7 /* User.swift */,
				E8C09B7427D7F62900597ED7 /* Group.swift */,
				E8C09B8327DA383400597ED7 /* Errors.swift */,
				E853FBEB27F4916A001313E0 /* UserInvitations.swift */,
				E8F374B62804BA2500F52E1D /* ChatMessage.swift */,
			);
			path = "App Models";
			sourceTree = "<group>";
		};
/* End PBXGroup section */

/* Begin PBXNativeTarget section */
		E8C09B2827C7BBB800597ED7 /* MeetMe */ = {
			isa = PBXNativeTarget;
			buildConfigurationList = E8C09B4027C7BBBA00597ED7 /* Build configuration list for PBXNativeTarget "MeetMe" */;
			buildPhases = (
				AEB9901020FFFFACDF43F470 /* [CP] Check Pods Manifest.lock */,
				E8C09B2527C7BBB800597ED7 /* Sources */,
				E8C09B2627C7BBB800597ED7 /* Frameworks */,
				E8C09B2727C7BBB800597ED7 /* Resources */,
				3DB22EEAE8ED0AE87029001E /* [CP] Embed Pods Frameworks */,
			);
			buildRules = (
			);
			dependencies = (
			);
			name = MeetMe;
			packageProductDependencies = (
				E853FBF027F610A8001313E0 /* Kingfisher */,
				E8EC4FE427FDF87D00DDE392 /* MessageKit */,
				E8EC4FEB27FE435900DDE392 /* InputBarAccessoryView */,
			);
			productName = MeetMe;
			productReference = E8C09B2927C7BBB800597ED7 /* MeetMe.app */;
			productType = "com.apple.product-type.application";
		};
/* End PBXNativeTarget section */

/* Begin PBXProject section */
		E8C09B2127C7BBB800597ED7 /* Project object */ = {
			isa = PBXProject;
			attributes = {
				BuildIndependentTargetsInParallel = 1;
				LastSwiftUpdateCheck = 1320;
				LastUpgradeCheck = 1320;
				TargetAttributes = {
					E8C09B2827C7BBB800597ED7 = {
						CreatedOnToolsVersion = 13.2.1;
					};
				};
			};
			buildConfigurationList = E8C09B2427C7BBB800597ED7 /* Build configuration list for PBXProject "MeetMe" */;
			compatibilityVersion = "Xcode 13.0";
			developmentRegion = en;
			hasScannedForEncodings = 0;
			knownRegions = (
				en,
				Base,
			);
			mainGroup = E8C09B2027C7BBB800597ED7;
			packageReferences = (
				E853FBEF27F610A7001313E0 /* XCRemoteSwiftPackageReference "Kingfisher" */,
				E8EC4FE327FDF87D00DDE392 /* XCRemoteSwiftPackageReference "MessageKit" */,
				E8EC4FEA27FE435900DDE392 /* XCRemoteSwiftPackageReference "InputBarAccessoryView" */,
			);
			productRefGroup = E8C09B2A27C7BBB800597ED7 /* Products */;
			projectDirPath = "";
			projectRoot = "";
			targets = (
				E8C09B2827C7BBB800597ED7 /* MeetMe */,
			);
		};
/* End PBXProject section */

/* Begin PBXResourcesBuildPhase section */
		E8C09B2727C7BBB800597ED7 /* Resources */ = {
			isa = PBXResourcesBuildPhase;
			buildActionMask = 2147483647;
			files = (
				E84B770027E1FD5900D985A8 /* toDo.rtf in Resources */,
				E8C09B3C27C7BBBA00597ED7 /* LaunchScreen.storyboard in Resources */,
				E8C09B3927C7BBBA00597ED7 /* Assets.xcassets in Resources */,
				E8C09B3427C7BBB800597ED7 /* Main.storyboard in Resources */,
			);
			runOnlyForDeploymentPostprocessing = 0;
		};
/* End PBXResourcesBuildPhase section */

/* Begin PBXShellScriptBuildPhase section */
		3DB22EEAE8ED0AE87029001E /* [CP] Embed Pods Frameworks */ = {
			isa = PBXShellScriptBuildPhase;
			buildActionMask = 2147483647;
			files = (
			);
			inputFileListPaths = (
				"${PODS_ROOT}/Target Support Files/Pods-MeetMe/Pods-MeetMe-frameworks-${CONFIGURATION}-input-files.xcfilelist",
			);
			name = "[CP] Embed Pods Frameworks";
			outputFileListPaths = (
				"${PODS_ROOT}/Target Support Files/Pods-MeetMe/Pods-MeetMe-frameworks-${CONFIGURATION}-output-files.xcfilelist",
			);
			runOnlyForDeploymentPostprocessing = 0;
			shellPath = /bin/sh;
			shellScript = "\"${PODS_ROOT}/Target Support Files/Pods-MeetMe/Pods-MeetMe-frameworks.sh\"\n";
			showEnvVarsInLog = 0;
		};
		AEB9901020FFFFACDF43F470 /* [CP] Check Pods Manifest.lock */ = {
			isa = PBXShellScriptBuildPhase;
			buildActionMask = 2147483647;
			files = (
			);
			inputFileListPaths = (
			);
			inputPaths = (
				"${PODS_PODFILE_DIR_PATH}/Podfile.lock",
				"${PODS_ROOT}/Manifest.lock",
			);
			name = "[CP] Check Pods Manifest.lock";
			outputFileListPaths = (
			);
			outputPaths = (
				"$(DERIVED_FILE_DIR)/Pods-MeetMe-checkManifestLockResult.txt",
			);
			runOnlyForDeploymentPostprocessing = 0;
			shellPath = /bin/sh;
			shellScript = "diff \"${PODS_PODFILE_DIR_PATH}/Podfile.lock\" \"${PODS_ROOT}/Manifest.lock\" > /dev/null\nif [ $? != 0 ] ; then\n    # print error to STDERR\n    echo \"error: The sandbox is not in sync with the Podfile.lock. Run 'pod install' or update your CocoaPods installation.\" >&2\n    exit 1\nfi\n# This output is used by Xcode 'outputs' to avoid re-running this script phase.\necho \"SUCCESS\" > \"${SCRIPT_OUTPUT_FILE_0}\"\n";
			showEnvVarsInLog = 0;
		};
/* End PBXShellScriptBuildPhase section */

/* Begin PBXSourcesBuildPhase section */
		E8C09B2527C7BBB800597ED7 /* Sources */ = {
			isa = PBXSourcesBuildPhase;
			buildActionMask = 2147483647;
			files = (
				E87FE45E28C2535C00E9D2E3 /* CreateGroupView.swift in Sources */,
				E8C09B3727C7BBB800597ED7 /* MeetMe.xcdatamodeld in Sources */,
				E8C09B8027DA2E9B00597ED7 /* NetworkMonitor.swift in Sources */,
				E8C09B8C27DE44C700597ED7 /* UIStackView+.swift in Sources */,
				E853FBE627F1E563001313E0 /* Data+.swift in Sources */,
				E853FBF527F62DED001313E0 /* JWTBullshit.swift in Sources */,
				E8C09B5F27CFFF4000597ED7 /* Account.swift in Sources */,
				E8C09B7127D155D600597ED7 /* Checkbox.swift in Sources */,
				E8C09B8627DB96E000597ED7 /* InterestsVC.swift in Sources */,
				E853FBDB27F0BE34001313E0 /* IDDTO.swift in Sources */,
				E8C09B7527D7F62900597ED7 /* Group.swift in Sources */,
				E853FBE027F0CA55001313E0 /* AccountDTO.swift in Sources */,
				E8EC4FF627FF789300DDE392 /* ImageStoreRequest.swift in Sources */,
				E8C09B5D27CFFD8000597ED7 /* Meeting.swift in Sources */,
				E8C09B4427C7BE0E00597ED7 /* AccountPresenter.swift in Sources */,
				E853FBD627ECE7EE001313E0 /* RegisterInfo.swift in Sources */,
				E8A10ABF27E78660008A43CA /* MeetingRequests.swift in Sources */,
				E8F374B328048FEC00F52E1D /* GetChatDTO.swift in Sources */,
				E8C09B6627D1296500597ED7 /* SearchFilterVC.swift in Sources */,
				E84D11542801A1F8008D36D0 /* EmailCodeCheckVC.swift in Sources */,
				E8EC4FE027FC723800DDE392 /* AccountSearchResultsVC.swift in Sources */,
				E8C09B9027DF3A5300597ED7 /* FriendsPresenter.swift in Sources */,
				E853FBD027ECA42D001313E0 /* ViewParticipantsVC.swift in Sources */,
				E8C09B8A27DCE4EE00597ED7 /* CreateMeetingPresenter.swift in Sources */,
				E853FBC727EBAD28001313E0 /* GroupCell.swift in Sources */,
				E8EC4FEF27FF2BA100DDE392 /* PhotoGalleryVC.swift in Sources */,
				E853FBE827F33569001313E0 /* GroupDTO.swift in Sources */,
				E87FE46428C26D5100E9D2E3 /* CreateMeetingView.swift in Sources */,
				E8A10ABD27E78645008A43CA /* FriendsRequests.swift in Sources */,
				E8C09B8227DA354400597ED7 /* ErrorChecker.swift in Sources */,
				E8EC4FE227FCA07A00DDE392 /* GroupSearchResultVC.swift in Sources */,
				E853FBF327F6178B001313E0 /* ImageDTO.swift in Sources */,
				E8C09B6427D0FBA700597ED7 /* MeetingCell.swift in Sources */,
				E8F374AF28048BD500F52E1D /* ChatMessageDTO.swift in Sources */,
				E8F374B52804910200F52E1D /* ChatSendMessageDTO.swift in Sources */,
				E8C09B4627C7BE3000597ED7 /* MeetingsVC.swift in Sources */,
				E853FBBF27E9174D001313E0 /* ChooseParticipantsPresenter.swift in Sources */,
				E853FBCA27EBB3F6001313E0 /* GroupScreen.swift in Sources */,
				E853FBF727F6757E001313E0 /* MeetingSearchDTO.swift in Sources */,
				E87FE45828C0DDD100E9D2E3 /* ConontextualActionsService.swift in Sources */,
				E87FE45628C0BECE00E9D2E3 /* ChooseParticipantsView.swift in Sources */,
				E84D11582803935A008D36D0 /* GroupEditDTO.swift in Sources */,
				E87FE45428BE8E8500E9D2E3 /* SignUpView.swift in Sources */,
				E8C09B6127D000DA00597ED7 /* Interests.swift in Sources */,
				E8C09B6927D129E600597ED7 /* MeetingSearchFilter.swift in Sources */,
				E8EC4FF427FF43B500DDE392 /* PhotoCollectionFooter.swift in Sources */,
				E8F374B128048C8D00F52E1D /* ChatRequests.swift in Sources */,
				E853FBCC27EBBBBB001313E0 /* ExtendedMeetingCell.swift in Sources */,
				E853FBDE27F0C121001313E0 /* MeetingDTO.swift in Sources */,
				E87FE46228C26A8600E9D2E3 /* MeetingInfoView.swift in Sources */,
				E8EC4FE727FE2E5900DDE392 /* ChatVC.swift in Sources */,
				E87FE45C28C24E2B00E9D2E3 /* EditAccountView.swift in Sources */,
				E8EC4FDE27FAFCAC00DDE392 /* MeetingSearchResultsVC.swift in Sources */,
				E8C09B5727C97CAA00597ED7 /* SignUpPresenter.swift in Sources */,
				E87FE45A28C0F76800E9D2E3 /* FriendsView.swift in Sources */,
				E8F374B72804BA2500F52E1D /* ChatMessage.swift in Sources */,
				E853FBEA27F33E1E001313E0 /* GroupRequests.swift in Sources */,
				E8C09B4E27C811E900597ED7 /* UIView+.swift in Sources */,
				E8C09B5327C97C6600597ED7 /* LoginPresenter.swift in Sources */,
				E8A10ABB27E5F895008A43CA /* ViewFriendCell.swift in Sources */,
				E8C09B8827DC0B1500597ED7 /* EditAccountPresenter.swift in Sources */,
				E8C09B5A27C97CF500597ED7 /* Styling.swift in Sources */,
				E87FE45228BE83A600E9D2E3 /* LoginView.swift in Sources */,
				E853FBEC27F4916B001313E0 /* UserInvitations.swift in Sources */,
				E853FBC327EA12C2001313E0 /* CreateGroupPresenter.swift in Sources */,
				E853FBBA27E912B8001313E0 /* AddParticipantCell.swift in Sources */,
				E853FBD427ECE5E3001313E0 /* MeetMeRequests.swift in Sources */,
				E853FBD827ED0A1E001313E0 /* Responce.swift in Sources */,
				E8C09B8427DA383400597ED7 /* Errors.swift in Sources */,
				E8A10AC127E78A07008A43CA /* AccountRequests.swift in Sources */,
				E87FE46028C2635900E9D2E3 /* GroupScreenHeaderView.swift in Sources */,
				E8C09B8E27DEC43000597ED7 /* MeetingInfoPresenter.swift in Sources */,
				E8C09B4827C7BE3D00597ED7 /* GroupsVC.swift in Sources */,
				E853FBE427F122CD001313E0 /* EditMeetingDTO.swift in Sources */,
				E853FBEE27F52E2C001313E0 /* EditAccountDTO.swift in Sources */,
				E853FBE227F0D915001313E0 /* InterestsParser.swift in Sources */,
				E8C09B5127C97B1400597ED7 /* NavigationHandler.swift in Sources */,
				E8C09B2D27C7BBB800597ED7 /* AppDelegate.swift in Sources */,
				E8C09B2F27C7BBB800597ED7 /* SceneDelegate.swift in Sources */,
				E87FE45028B9033B00E9D2E3 /* AccountView.swift in Sources */,
				E87FE46728C3ADCD00E9D2E3 /* CacheService.swift in Sources */,
				E8C09B7327D7F45000597ED7 /* User.swift in Sources */,
				E8EC4FE927FE2FA200DDE392 /* MeetingInvitationsDTO.swift in Sources */,
				E8F374BA280A0D4B00F52E1D /* InterestCell.swift in Sources */,
				E8EC4FF127FF2DF300DDE392 /* PhotoCell.swift in Sources */,
				E853FBD227ECE58C001313E0 /* AuthRequests.swift in Sources */,
			);
			runOnlyForDeploymentPostprocessing = 0;
		};
/* End PBXSourcesBuildPhase section */

/* Begin PBXVariantGroup section */
		E8C09B3227C7BBB800597ED7 /* Main.storyboard */ = {
			isa = PBXVariantGroup;
			children = (
				E8C09B3327C7BBB800597ED7 /* Base */,
			);
			name = Main.storyboard;
			sourceTree = "<group>";
		};
		E8C09B3A27C7BBBA00597ED7 /* LaunchScreen.storyboard */ = {
			isa = PBXVariantGroup;
			children = (
				E8C09B3B27C7BBBA00597ED7 /* Base */,
			);
			name = LaunchScreen.storyboard;
			sourceTree = "<group>";
		};
/* End PBXVariantGroup section */

/* Begin XCBuildConfiguration section */
		E8C09B3E27C7BBBA00597ED7 /* Debug */ = {
			isa = XCBuildConfiguration;
			buildSettings = {
				ALWAYS_SEARCH_USER_PATHS = NO;
				CLANG_ANALYZER_NONNULL = YES;
				CLANG_ANALYZER_NUMBER_OBJECT_CONVERSION = YES_AGGRESSIVE;
				CLANG_CXX_LANGUAGE_STANDARD = "gnu++17";
				CLANG_CXX_LIBRARY = "libc++";
				CLANG_ENABLE_MODULES = YES;
				CLANG_ENABLE_OBJC_ARC = YES;
				CLANG_ENABLE_OBJC_WEAK = YES;
				CLANG_WARN_BLOCK_CAPTURE_AUTORELEASING = YES;
				CLANG_WARN_BOOL_CONVERSION = YES;
				CLANG_WARN_COMMA = YES;
				CLANG_WARN_CONSTANT_CONVERSION = YES;
				CLANG_WARN_DEPRECATED_OBJC_IMPLEMENTATIONS = YES;
				CLANG_WARN_DIRECT_OBJC_ISA_USAGE = YES_ERROR;
				CLANG_WARN_DOCUMENTATION_COMMENTS = YES;
				CLANG_WARN_EMPTY_BODY = YES;
				CLANG_WARN_ENUM_CONVERSION = YES;
				CLANG_WARN_INFINITE_RECURSION = YES;
				CLANG_WARN_INT_CONVERSION = YES;
				CLANG_WARN_NON_LITERAL_NULL_CONVERSION = YES;
				CLANG_WARN_OBJC_IMPLICIT_RETAIN_SELF = YES;
				CLANG_WARN_OBJC_LITERAL_CONVERSION = YES;
				CLANG_WARN_OBJC_ROOT_CLASS = YES_ERROR;
				CLANG_WARN_QUOTED_INCLUDE_IN_FRAMEWORK_HEADER = YES;
				CLANG_WARN_RANGE_LOOP_ANALYSIS = YES;
				CLANG_WARN_STRICT_PROTOTYPES = YES;
				CLANG_WARN_SUSPICIOUS_MOVE = YES;
				CLANG_WARN_UNGUARDED_AVAILABILITY = YES_AGGRESSIVE;
				CLANG_WARN_UNREACHABLE_CODE = YES;
				CLANG_WARN__DUPLICATE_METHOD_MATCH = YES;
				COPY_PHASE_STRIP = NO;
				DEBUG_INFORMATION_FORMAT = dwarf;
				ENABLE_STRICT_OBJC_MSGSEND = YES;
				ENABLE_TESTABILITY = YES;
				GCC_C_LANGUAGE_STANDARD = gnu11;
				GCC_DYNAMIC_NO_PIC = NO;
				GCC_NO_COMMON_BLOCKS = YES;
				GCC_OPTIMIZATION_LEVEL = 0;
				GCC_PREPROCESSOR_DEFINITIONS = (
					"DEBUG=1",
					"$(inherited)",
				);
				GCC_WARN_64_TO_32_BIT_CONVERSION = YES;
				GCC_WARN_ABOUT_RETURN_TYPE = YES_ERROR;
				GCC_WARN_UNDECLARED_SELECTOR = YES;
				GCC_WARN_UNINITIALIZED_AUTOS = YES_AGGRESSIVE;
				GCC_WARN_UNUSED_FUNCTION = YES;
				GCC_WARN_UNUSED_VARIABLE = YES;
				IPHONEOS_DEPLOYMENT_TARGET = 15.2;
				MTL_ENABLE_DEBUG_INFO = INCLUDE_SOURCE;
				MTL_FAST_MATH = YES;
				ONLY_ACTIVE_ARCH = YES;
				SDKROOT = iphoneos;
				SWIFT_ACTIVE_COMPILATION_CONDITIONS = DEBUG;
				SWIFT_OPTIMIZATION_LEVEL = "-Onone";
			};
			name = Debug;
		};
		E8C09B3F27C7BBBA00597ED7 /* Release */ = {
			isa = XCBuildConfiguration;
			buildSettings = {
				ALWAYS_SEARCH_USER_PATHS = NO;
				CLANG_ANALYZER_NONNULL = YES;
				CLANG_ANALYZER_NUMBER_OBJECT_CONVERSION = YES_AGGRESSIVE;
				CLANG_CXX_LANGUAGE_STANDARD = "gnu++17";
				CLANG_CXX_LIBRARY = "libc++";
				CLANG_ENABLE_MODULES = YES;
				CLANG_ENABLE_OBJC_ARC = YES;
				CLANG_ENABLE_OBJC_WEAK = YES;
				CLANG_WARN_BLOCK_CAPTURE_AUTORELEASING = YES;
				CLANG_WARN_BOOL_CONVERSION = YES;
				CLANG_WARN_COMMA = YES;
				CLANG_WARN_CONSTANT_CONVERSION = YES;
				CLANG_WARN_DEPRECATED_OBJC_IMPLEMENTATIONS = YES;
				CLANG_WARN_DIRECT_OBJC_ISA_USAGE = YES_ERROR;
				CLANG_WARN_DOCUMENTATION_COMMENTS = YES;
				CLANG_WARN_EMPTY_BODY = YES;
				CLANG_WARN_ENUM_CONVERSION = YES;
				CLANG_WARN_INFINITE_RECURSION = YES;
				CLANG_WARN_INT_CONVERSION = YES;
				CLANG_WARN_NON_LITERAL_NULL_CONVERSION = YES;
				CLANG_WARN_OBJC_IMPLICIT_RETAIN_SELF = YES;
				CLANG_WARN_OBJC_LITERAL_CONVERSION = YES;
				CLANG_WARN_OBJC_ROOT_CLASS = YES_ERROR;
				CLANG_WARN_QUOTED_INCLUDE_IN_FRAMEWORK_HEADER = YES;
				CLANG_WARN_RANGE_LOOP_ANALYSIS = YES;
				CLANG_WARN_STRICT_PROTOTYPES = YES;
				CLANG_WARN_SUSPICIOUS_MOVE = YES;
				CLANG_WARN_UNGUARDED_AVAILABILITY = YES_AGGRESSIVE;
				CLANG_WARN_UNREACHABLE_CODE = YES;
				CLANG_WARN__DUPLICATE_METHOD_MATCH = YES;
				COPY_PHASE_STRIP = NO;
				DEBUG_INFORMATION_FORMAT = "dwarf-with-dsym";
				ENABLE_NS_ASSERTIONS = NO;
				ENABLE_STRICT_OBJC_MSGSEND = YES;
				GCC_C_LANGUAGE_STANDARD = gnu11;
				GCC_NO_COMMON_BLOCKS = YES;
				GCC_WARN_64_TO_32_BIT_CONVERSION = YES;
				GCC_WARN_ABOUT_RETURN_TYPE = YES_ERROR;
				GCC_WARN_UNDECLARED_SELECTOR = YES;
				GCC_WARN_UNINITIALIZED_AUTOS = YES_AGGRESSIVE;
				GCC_WARN_UNUSED_FUNCTION = YES;
				GCC_WARN_UNUSED_VARIABLE = YES;
				IPHONEOS_DEPLOYMENT_TARGET = 15.2;
				MTL_ENABLE_DEBUG_INFO = NO;
				MTL_FAST_MATH = YES;
				SDKROOT = iphoneos;
				SWIFT_COMPILATION_MODE = wholemodule;
				SWIFT_OPTIMIZATION_LEVEL = "-O";
				VALIDATE_PRODUCT = YES;
			};
			name = Release;
		};
		E8C09B4127C7BBBA00597ED7 /* Debug */ = {
			isa = XCBuildConfiguration;
			baseConfigurationReference = F5E79A61C15E656EAB76AFF2 /* Pods-MeetMe.debug.xcconfig */;
			buildSettings = {
				ASSETCATALOG_COMPILER_APPICON_NAME = AppIcon;
				ASSETCATALOG_COMPILER_GLOBAL_ACCENT_COLOR_NAME = AccentColor;
				CODE_SIGN_STYLE = Automatic;
				CURRENT_PROJECT_VERSION = 1;
				DEVELOPMENT_TEAM = 6M53C5J6J9;
				GENERATE_INFOPLIST_FILE = YES;
				INFOPLIST_FILE = MeetMe/Info.plist;
				INFOPLIST_KEY_UIApplicationSupportsIndirectInputEvents = YES;
				INFOPLIST_KEY_UILaunchStoryboardName = LaunchScreen;
				INFOPLIST_KEY_UIMainStoryboardFile = Main;
				INFOPLIST_KEY_UISupportedInterfaceOrientations = UIInterfaceOrientationPortrait;
				INFOPLIST_KEY_UISupportedInterfaceOrientations_iPad = UIInterfaceOrientationPortrait;
				INFOPLIST_KEY_UISupportedInterfaceOrientations_iPhone = UIInterfaceOrientationPortrait;
				LD_RUNPATH_SEARCH_PATHS = (
					"$(inherited)",
					"@executable_path/Frameworks",
				);
				MARKETING_VERSION = 1.0;
				PRODUCT_BUNDLE_IDENTIFIER = "-.MeetMe";
				PRODUCT_NAME = "$(TARGET_NAME)";
				SWIFT_EMIT_LOC_STRINGS = YES;
				SWIFT_VERSION = 5.0;
				TARGETED_DEVICE_FAMILY = "1,2";
			};
			name = Debug;
		};
		E8C09B4227C7BBBA00597ED7 /* Release */ = {
			isa = XCBuildConfiguration;
			baseConfigurationReference = 3F6D59591A6C60573D733A29 /* Pods-MeetMe.release.xcconfig */;
			buildSettings = {
				ASSETCATALOG_COMPILER_APPICON_NAME = AppIcon;
				ASSETCATALOG_COMPILER_GLOBAL_ACCENT_COLOR_NAME = AccentColor;
				CODE_SIGN_STYLE = Automatic;
				CURRENT_PROJECT_VERSION = 1;
				DEVELOPMENT_TEAM = 6M53C5J6J9;
				GENERATE_INFOPLIST_FILE = YES;
				INFOPLIST_FILE = MeetMe/Info.plist;
				INFOPLIST_KEY_UIApplicationSupportsIndirectInputEvents = YES;
				INFOPLIST_KEY_UILaunchStoryboardName = LaunchScreen;
				INFOPLIST_KEY_UIMainStoryboardFile = Main;
				INFOPLIST_KEY_UISupportedInterfaceOrientations = UIInterfaceOrientationPortrait;
				INFOPLIST_KEY_UISupportedInterfaceOrientations_iPad = UIInterfaceOrientationPortrait;
				INFOPLIST_KEY_UISupportedInterfaceOrientations_iPhone = UIInterfaceOrientationPortrait;
				LD_RUNPATH_SEARCH_PATHS = (
					"$(inherited)",
					"@executable_path/Frameworks",
				);
				MARKETING_VERSION = 1.0;
				PRODUCT_BUNDLE_IDENTIFIER = "-.MeetMe";
				PRODUCT_NAME = "$(TARGET_NAME)";
				SWIFT_EMIT_LOC_STRINGS = YES;
				SWIFT_VERSION = 5.0;
				TARGETED_DEVICE_FAMILY = "1,2";
			};
			name = Release;
		};
/* End XCBuildConfiguration section */

/* Begin XCConfigurationList section */
		E8C09B2427C7BBB800597ED7 /* Build configuration list for PBXProject "MeetMe" */ = {
			isa = XCConfigurationList;
			buildConfigurations = (
				E8C09B3E27C7BBBA00597ED7 /* Debug */,
				E8C09B3F27C7BBBA00597ED7 /* Release */,
			);
			defaultConfigurationIsVisible = 0;
			defaultConfigurationName = Release;
		};
		E8C09B4027C7BBBA00597ED7 /* Build configuration list for PBXNativeTarget "MeetMe" */ = {
			isa = XCConfigurationList;
			buildConfigurations = (
				E8C09B4127C7BBBA00597ED7 /* Debug */,
				E8C09B4227C7BBBA00597ED7 /* Release */,
			);
			defaultConfigurationIsVisible = 0;
			defaultConfigurationName = Release;
		};
/* End XCConfigurationList section */

/* Begin XCRemoteSwiftPackageReference section */
		E853FBEF27F610A7001313E0 /* XCRemoteSwiftPackageReference "Kingfisher" */ = {
			isa = XCRemoteSwiftPackageReference;
			repositoryURL = "https://github.com/onevcat/Kingfisher.git";
			requirement = {
				kind = upToNextMajorVersion;
				minimumVersion = 7.0.0;
			};
		};
		E8EC4FE327FDF87D00DDE392 /* XCRemoteSwiftPackageReference "MessageKit" */ = {
			isa = XCRemoteSwiftPackageReference;
			repositoryURL = "https://github.com/MessageKit/MessageKit";
			requirement = {
				kind = upToNextMajorVersion;
				minimumVersion = 3.0.0;
			};
		};
		E8EC4FEA27FE435900DDE392 /* XCRemoteSwiftPackageReference "InputBarAccessoryView" */ = {
			isa = XCRemoteSwiftPackageReference;
			repositoryURL = "https://github.com/nathantannar4/InputBarAccessoryView.git";
			requirement = {
				kind = upToNextMajorVersion;
				minimumVersion = 5.0.0;
			};
		};
/* End XCRemoteSwiftPackageReference section */

/* Begin XCSwiftPackageProductDependency section */
		E853FBF027F610A8001313E0 /* Kingfisher */ = {
			isa = XCSwiftPackageProductDependency;
			package = E853FBEF27F610A7001313E0 /* XCRemoteSwiftPackageReference "Kingfisher" */;
			productName = Kingfisher;
		};
		E8EC4FE427FDF87D00DDE392 /* MessageKit */ = {
			isa = XCSwiftPackageProductDependency;
			package = E8EC4FE327FDF87D00DDE392 /* XCRemoteSwiftPackageReference "MessageKit" */;
			productName = MessageKit;
		};
		E8EC4FEB27FE435900DDE392 /* InputBarAccessoryView */ = {
			isa = XCSwiftPackageProductDependency;
			package = E8EC4FEA27FE435900DDE392 /* XCRemoteSwiftPackageReference "InputBarAccessoryView" */;
			productName = InputBarAccessoryView;
		};
/* End XCSwiftPackageProductDependency section */

/* Begin XCVersionGroup section */
		E8C09B3527C7BBB800597ED7 /* MeetMe.xcdatamodeld */ = {
			isa = XCVersionGroup;
			children = (
				E8C09B3627C7BBB800597ED7 /* MeetMe.xcdatamodel */,
			);
			currentVersion = E8C09B3627C7BBB800597ED7 /* MeetMe.xcdatamodel */;
			path = MeetMe.xcdatamodeld;
			sourceTree = "<group>";
			versionGroupType = wrapper.xcdatamodel;
		};
/* End XCVersionGroup section */
	};
	rootObject = E8C09B2127C7BBB800597ED7 /* Project object */;
}
