// !$*UTF8*$!
{
	archiveVersion = 1;
	classes = {
	};
	objectVersion = 55;
	objects = {

/* Begin PBXBuildFile section */
		E84B770027E1FD5900D985A8 /* toDo.rtf in Resources */ = {isa = PBXBuildFile; fileRef = E84B76FF27E1FD5900D985A8 /* toDo.rtf */; };
		E853FBBA27E912B8001313E0 /* AddParticipantCell.swift in Sources */ = {isa = PBXBuildFile; fileRef = E853FBB927E912B8001313E0 /* AddParticipantCell.swift */; };
		E853FBBF27E9174D001313E0 /* ChooseParticipantsVC.swift in Sources */ = {isa = PBXBuildFile; fileRef = E853FBBE27E9174D001313E0 /* ChooseParticipantsVC.swift */; };
		E853FBC127E91A23001313E0 /* Participant.swift in Sources */ = {isa = PBXBuildFile; fileRef = E853FBC027E91A23001313E0 /* Participant.swift */; };
		E853FBC327EA12C2001313E0 /* CreateGroupVC.swift in Sources */ = {isa = PBXBuildFile; fileRef = E853FBC227EA12C2001313E0 /* CreateGroupVC.swift */; };
		E8A10ABB27E5F895008A43CA /* ViewFriendCellTableViewCell.swift in Sources */ = {isa = PBXBuildFile; fileRef = E8A10ABA27E5F895008A43CA /* ViewFriendCellTableViewCell.swift */; };
		E8A10ABD27E78645008A43CA /* FriendsRequests.swift in Sources */ = {isa = PBXBuildFile; fileRef = E8A10ABC27E78645008A43CA /* FriendsRequests.swift */; };
		E8A10ABF27E78660008A43CA /* MeetingRequests.swift in Sources */ = {isa = PBXBuildFile; fileRef = E8A10ABE27E78660008A43CA /* MeetingRequests.swift */; };
		E8A10AC127E78A07008A43CA /* AccountRequests.swift in Sources */ = {isa = PBXBuildFile; fileRef = E8A10AC027E78A07008A43CA /* AccountRequests.swift */; };
		E8C09B2D27C7BBB800597ED7 /* AppDelegate.swift in Sources */ = {isa = PBXBuildFile; fileRef = E8C09B2C27C7BBB800597ED7 /* AppDelegate.swift */; };
		E8C09B2F27C7BBB800597ED7 /* SceneDelegate.swift in Sources */ = {isa = PBXBuildFile; fileRef = E8C09B2E27C7BBB800597ED7 /* SceneDelegate.swift */; };
		E8C09B3427C7BBB800597ED7 /* Main.storyboard in Resources */ = {isa = PBXBuildFile; fileRef = E8C09B3227C7BBB800597ED7 /* Main.storyboard */; };
		E8C09B3727C7BBB800597ED7 /* MeetMe.xcdatamodeld in Sources */ = {isa = PBXBuildFile; fileRef = E8C09B3527C7BBB800597ED7 /* MeetMe.xcdatamodeld */; };
		E8C09B3927C7BBBA00597ED7 /* Assets.xcassets in Resources */ = {isa = PBXBuildFile; fileRef = E8C09B3827C7BBBA00597ED7 /* Assets.xcassets */; };
		E8C09B3C27C7BBBA00597ED7 /* LaunchScreen.storyboard in Resources */ = {isa = PBXBuildFile; fileRef = E8C09B3A27C7BBBA00597ED7 /* LaunchScreen.storyboard */; };
		E8C09B4427C7BE0E00597ED7 /* AccountVC.swift in Sources */ = {isa = PBXBuildFile; fileRef = E8C09B4327C7BE0E00597ED7 /* AccountVC.swift */; };
		E8C09B4627C7BE3000597ED7 /* MeetingsVC.swift in Sources */ = {isa = PBXBuildFile; fileRef = E8C09B4527C7BE3000597ED7 /* MeetingsVC.swift */; };
		E8C09B4827C7BE3D00597ED7 /* GroupsVC.swift in Sources */ = {isa = PBXBuildFile; fileRef = E8C09B4727C7BE3D00597ED7 /* GroupsVC.swift */; };
		E8C09B4E27C811E900597ED7 /* UIView+.swift in Sources */ = {isa = PBXBuildFile; fileRef = E8C09B4D27C811E900597ED7 /* UIView+.swift */; };
		E8C09B5127C97B1400597ED7 /* NavigationHandler.swift in Sources */ = {isa = PBXBuildFile; fileRef = E8C09B5027C97B1400597ED7 /* NavigationHandler.swift */; };
		E8C09B5327C97C6600597ED7 /* LoginVC.swift in Sources */ = {isa = PBXBuildFile; fileRef = E8C09B5227C97C6600597ED7 /* LoginVC.swift */; };
		E8C09B5727C97CAA00597ED7 /* SignUpVC.swift in Sources */ = {isa = PBXBuildFile; fileRef = E8C09B5627C97CAA00597ED7 /* SignUpVC.swift */; };
		E8C09B5A27C97CF500597ED7 /* Utilities.swift in Sources */ = {isa = PBXBuildFile; fileRef = E8C09B5927C97CF500597ED7 /* Utilities.swift */; };
		E8C09B5D27CFFD8000597ED7 /* Meeting.swift in Sources */ = {isa = PBXBuildFile; fileRef = E8C09B5C27CFFD8000597ED7 /* Meeting.swift */; };
		E8C09B5F27CFFF4000597ED7 /* Account.swift in Sources */ = {isa = PBXBuildFile; fileRef = E8C09B5E27CFFF4000597ED7 /* Account.swift */; };
		E8C09B6127D000DA00597ED7 /* Interests.swift in Sources */ = {isa = PBXBuildFile; fileRef = E8C09B6027D000DA00597ED7 /* Interests.swift */; };
		E8C09B6427D0FBA700597ED7 /* MeetingCell.swift in Sources */ = {isa = PBXBuildFile; fileRef = E8C09B6327D0FBA700597ED7 /* MeetingCell.swift */; };
		E8C09B6627D1296500597ED7 /* SearchFilterVC.swift in Sources */ = {isa = PBXBuildFile; fileRef = E8C09B6527D1296500597ED7 /* SearchFilterVC.swift */; };
		E8C09B6927D129E600597ED7 /* MeetingSearchFilter.swift in Sources */ = {isa = PBXBuildFile; fileRef = E8C09B6827D129E600597ED7 /* MeetingSearchFilter.swift */; };
		E8C09B7127D155D600597ED7 /* Checkbox.swift in Sources */ = {isa = PBXBuildFile; fileRef = E8C09B7027D155D600597ED7 /* Checkbox.swift */; };
		E8C09B7327D7F45000597ED7 /* User.swift in Sources */ = {isa = PBXBuildFile; fileRef = E8C09B7227D7F45000597ED7 /* User.swift */; };
		E8C09B7527D7F62900597ED7 /* Group.swift in Sources */ = {isa = PBXBuildFile; fileRef = E8C09B7427D7F62900597ED7 /* Group.swift */; };
		E8C09B7A27DA24B000597ED7 /* Server.swift in Sources */ = {isa = PBXBuildFile; fileRef = E8C09B7927DA24B000597ED7 /* Server.swift */; };
		E8C09B7E27DA2E2E00597ED7 /* NetWorker.swift in Sources */ = {isa = PBXBuildFile; fileRef = E8C09B7D27DA2E2E00597ED7 /* NetWorker.swift */; };
		E8C09B8027DA2E9B00597ED7 /* NetworkMonitor.swift in Sources */ = {isa = PBXBuildFile; fileRef = E8C09B7F27DA2E9B00597ED7 /* NetworkMonitor.swift */; };
		E8C09B8227DA354400597ED7 /* ErrorChecker.swift in Sources */ = {isa = PBXBuildFile; fileRef = E8C09B8127DA354400597ED7 /* ErrorChecker.swift */; };
		E8C09B8427DA383400597ED7 /* Errors.swift in Sources */ = {isa = PBXBuildFile; fileRef = E8C09B8327DA383400597ED7 /* Errors.swift */; };
		E8C09B8627DB96E000597ED7 /* InterestsVC.swift in Sources */ = {isa = PBXBuildFile; fileRef = E8C09B8527DB96DF00597ED7 /* InterestsVC.swift */; };
		E8C09B8827DC0B1500597ED7 /* EditAccountVC.swift in Sources */ = {isa = PBXBuildFile; fileRef = E8C09B8727DC0B1500597ED7 /* EditAccountVC.swift */; };
		E8C09B8A27DCE4EE00597ED7 /* CreateMeetingVC.swift in Sources */ = {isa = PBXBuildFile; fileRef = E8C09B8927DCE4ED00597ED7 /* CreateMeetingVC.swift */; };
		E8C09B8C27DE44C700597ED7 /* UIStackView+.swift in Sources */ = {isa = PBXBuildFile; fileRef = E8C09B8B27DE44C600597ED7 /* UIStackView+.swift */; };
		E8C09B8E27DEC43000597ED7 /* MeetingInfoVC.swift in Sources */ = {isa = PBXBuildFile; fileRef = E8C09B8D27DEC42F00597ED7 /* MeetingInfoVC.swift */; };
		E8C09B9027DF3A5300597ED7 /* FriendsVC.swift in Sources */ = {isa = PBXBuildFile; fileRef = E8C09B8F27DF3A5300597ED7 /* FriendsVC.swift */; };
/* End PBXBuildFile section */

/* Begin PBXFileReference section */
		E84B76FF27E1FD5900D985A8 /* toDo.rtf */ = {isa = PBXFileReference; lastKnownFileType = text.rtf; path = toDo.rtf; sourceTree = "<group>"; };
		E853FBB927E912B8001313E0 /* AddParticipantCell.swift */ = {isa = PBXFileReference; lastKnownFileType = sourcecode.swift; path = AddParticipantCell.swift; sourceTree = "<group>"; };
		E853FBBE27E9174D001313E0 /* ChooseParticipantsVC.swift */ = {isa = PBXFileReference; lastKnownFileType = sourcecode.swift; path = ChooseParticipantsVC.swift; sourceTree = "<group>"; };
		E853FBC027E91A23001313E0 /* Participant.swift */ = {isa = PBXFileReference; lastKnownFileType = sourcecode.swift; path = Participant.swift; sourceTree = "<group>"; };
		E853FBC227EA12C2001313E0 /* CreateGroupVC.swift */ = {isa = PBXFileReference; lastKnownFileType = sourcecode.swift; path = CreateGroupVC.swift; sourceTree = "<group>"; };
		E8A10ABA27E5F895008A43CA /* ViewFriendCellTableViewCell.swift */ = {isa = PBXFileReference; lastKnownFileType = sourcecode.swift; path = ViewFriendCellTableViewCell.swift; sourceTree = "<group>"; };
		E8A10ABC27E78645008A43CA /* FriendsRequests.swift */ = {isa = PBXFileReference; lastKnownFileType = sourcecode.swift; path = FriendsRequests.swift; sourceTree = "<group>"; };
		E8A10ABE27E78660008A43CA /* MeetingRequests.swift */ = {isa = PBXFileReference; lastKnownFileType = sourcecode.swift; path = MeetingRequests.swift; sourceTree = "<group>"; };
		E8A10AC027E78A07008A43CA /* AccountRequests.swift */ = {isa = PBXFileReference; lastKnownFileType = sourcecode.swift; path = AccountRequests.swift; sourceTree = "<group>"; };
		E8C09B2927C7BBB800597ED7 /* MeetMe.app */ = {isa = PBXFileReference; explicitFileType = wrapper.application; includeInIndex = 0; path = MeetMe.app; sourceTree = BUILT_PRODUCTS_DIR; };
		E8C09B2C27C7BBB800597ED7 /* AppDelegate.swift */ = {isa = PBXFileReference; lastKnownFileType = sourcecode.swift; path = AppDelegate.swift; sourceTree = "<group>"; };
		E8C09B2E27C7BBB800597ED7 /* SceneDelegate.swift */ = {isa = PBXFileReference; lastKnownFileType = sourcecode.swift; path = SceneDelegate.swift; sourceTree = "<group>"; };
		E8C09B3327C7BBB800597ED7 /* Base */ = {isa = PBXFileReference; lastKnownFileType = file.storyboard; name = Base; path = Base.lproj/Main.storyboard; sourceTree = "<group>"; };
		E8C09B3627C7BBB800597ED7 /* MeetMe.xcdatamodel */ = {isa = PBXFileReference; lastKnownFileType = wrapper.xcdatamodel; path = MeetMe.xcdatamodel; sourceTree = "<group>"; };
		E8C09B3827C7BBBA00597ED7 /* Assets.xcassets */ = {isa = PBXFileReference; lastKnownFileType = folder.assetcatalog; path = Assets.xcassets; sourceTree = "<group>"; };
		E8C09B3B27C7BBBA00597ED7 /* Base */ = {isa = PBXFileReference; lastKnownFileType = file.storyboard; name = Base; path = Base.lproj/LaunchScreen.storyboard; sourceTree = "<group>"; };
		E8C09B3D27C7BBBA00597ED7 /* Info.plist */ = {isa = PBXFileReference; lastKnownFileType = text.plist.xml; path = Info.plist; sourceTree = "<group>"; };
		E8C09B4327C7BE0E00597ED7 /* AccountVC.swift */ = {isa = PBXFileReference; lastKnownFileType = sourcecode.swift; path = AccountVC.swift; sourceTree = "<group>"; };
		E8C09B4527C7BE3000597ED7 /* MeetingsVC.swift */ = {isa = PBXFileReference; lastKnownFileType = sourcecode.swift; path = MeetingsVC.swift; sourceTree = "<group>"; };
		E8C09B4727C7BE3D00597ED7 /* GroupsVC.swift */ = {isa = PBXFileReference; lastKnownFileType = sourcecode.swift; path = GroupsVC.swift; sourceTree = "<group>"; };
		E8C09B4D27C811E900597ED7 /* UIView+.swift */ = {isa = PBXFileReference; lastKnownFileType = sourcecode.swift; path = "UIView+.swift"; sourceTree = "<group>"; };
		E8C09B5027C97B1400597ED7 /* NavigationHandler.swift */ = {isa = PBXFileReference; lastKnownFileType = sourcecode.swift; path = NavigationHandler.swift; sourceTree = "<group>"; };
		E8C09B5227C97C6600597ED7 /* LoginVC.swift */ = {isa = PBXFileReference; lastKnownFileType = sourcecode.swift; path = LoginVC.swift; sourceTree = "<group>"; };
		E8C09B5627C97CAA00597ED7 /* SignUpVC.swift */ = {isa = PBXFileReference; lastKnownFileType = sourcecode.swift; path = SignUpVC.swift; sourceTree = "<group>"; };
		E8C09B5927C97CF500597ED7 /* Utilities.swift */ = {isa = PBXFileReference; lastKnownFileType = sourcecode.swift; path = Utilities.swift; sourceTree = "<group>"; };
		E8C09B5C27CFFD8000597ED7 /* Meeting.swift */ = {isa = PBXFileReference; lastKnownFileType = sourcecode.swift; path = Meeting.swift; sourceTree = "<group>"; };
		E8C09B5E27CFFF4000597ED7 /* Account.swift */ = {isa = PBXFileReference; lastKnownFileType = sourcecode.swift; path = Account.swift; sourceTree = "<group>"; };
		E8C09B6027D000DA00597ED7 /* Interests.swift */ = {isa = PBXFileReference; lastKnownFileType = sourcecode.swift; path = Interests.swift; sourceTree = "<group>"; };
		E8C09B6327D0FBA700597ED7 /* MeetingCell.swift */ = {isa = PBXFileReference; lastKnownFileType = sourcecode.swift; path = MeetingCell.swift; sourceTree = "<group>"; };
		E8C09B6527D1296500597ED7 /* SearchFilterVC.swift */ = {isa = PBXFileReference; lastKnownFileType = sourcecode.swift; path = SearchFilterVC.swift; sourceTree = "<group>"; };
		E8C09B6827D129E600597ED7 /* MeetingSearchFilter.swift */ = {isa = PBXFileReference; lastKnownFileType = sourcecode.swift; path = MeetingSearchFilter.swift; sourceTree = "<group>"; };
		E8C09B7027D155D600597ED7 /* Checkbox.swift */ = {isa = PBXFileReference; lastKnownFileType = sourcecode.swift; path = Checkbox.swift; sourceTree = "<group>"; };
		E8C09B7227D7F45000597ED7 /* User.swift */ = {isa = PBXFileReference; lastKnownFileType = sourcecode.swift; path = User.swift; sourceTree = "<group>"; };
		E8C09B7427D7F62900597ED7 /* Group.swift */ = {isa = PBXFileReference; lastKnownFileType = sourcecode.swift; path = Group.swift; sourceTree = "<group>"; };
		E8C09B7927DA24B000597ED7 /* Server.swift */ = {isa = PBXFileReference; lastKnownFileType = sourcecode.swift; path = Server.swift; sourceTree = "<group>"; };
		E8C09B7D27DA2E2E00597ED7 /* NetWorker.swift */ = {isa = PBXFileReference; lastKnownFileType = sourcecode.swift; path = NetWorker.swift; sourceTree = "<group>"; };
		E8C09B7F27DA2E9B00597ED7 /* NetworkMonitor.swift */ = {isa = PBXFileReference; lastKnownFileType = sourcecode.swift; path = NetworkMonitor.swift; sourceTree = "<group>"; };
		E8C09B8127DA354400597ED7 /* ErrorChecker.swift */ = {isa = PBXFileReference; lastKnownFileType = sourcecode.swift; path = ErrorChecker.swift; sourceTree = "<group>"; };
		E8C09B8327DA383400597ED7 /* Errors.swift */ = {isa = PBXFileReference; lastKnownFileType = sourcecode.swift; path = Errors.swift; sourceTree = "<group>"; };
		E8C09B8527DB96DF00597ED7 /* InterestsVC.swift */ = {isa = PBXFileReference; lastKnownFileType = sourcecode.swift; path = InterestsVC.swift; sourceTree = "<group>"; };
		E8C09B8727DC0B1500597ED7 /* EditAccountVC.swift */ = {isa = PBXFileReference; lastKnownFileType = sourcecode.swift; path = EditAccountVC.swift; sourceTree = "<group>"; };
		E8C09B8927DCE4ED00597ED7 /* CreateMeetingVC.swift */ = {isa = PBXFileReference; lastKnownFileType = sourcecode.swift; path = CreateMeetingVC.swift; sourceTree = "<group>"; };
		E8C09B8B27DE44C600597ED7 /* UIStackView+.swift */ = {isa = PBXFileReference; lastKnownFileType = sourcecode.swift; path = "UIStackView+.swift"; sourceTree = "<group>"; };
		E8C09B8D27DEC42F00597ED7 /* MeetingInfoVC.swift */ = {isa = PBXFileReference; lastKnownFileType = sourcecode.swift; path = MeetingInfoVC.swift; sourceTree = "<group>"; };
		E8C09B8F27DF3A5300597ED7 /* FriendsVC.swift */ = {isa = PBXFileReference; lastKnownFileType = sourcecode.swift; path = FriendsVC.swift; sourceTree = "<group>"; };
/* End PBXFileReference section */

/* Begin PBXFrameworksBuildPhase section */
		E8C09B2627C7BBB800597ED7 /* Frameworks */ = {
			isa = PBXFrameworksBuildPhase;
			buildActionMask = 2147483647;
			files = (
			);
			runOnlyForDeploymentPostprocessing = 0;
		};
/* End PBXFrameworksBuildPhase section */

/* Begin PBXGroup section */
		E84B770127E2006D00D985A8 /* Meeting */ = {
			isa = PBXGroup;
			children = (
				E8C09B8D27DEC42F00597ED7 /* MeetingInfoVC.swift */,
				E8C09B6527D1296500597ED7 /* SearchFilterVC.swift */,
				E8C09B8927DCE4ED00597ED7 /* CreateMeetingVC.swift */,
			);
			path = Meeting;
			sourceTree = "<group>";
		};
		E853FBBB27E91315001313E0 /* NetworkingModels */ = {
			isa = PBXGroup;
			children = (
				E853FBC027E91A23001313E0 /* Participant.swift */,
			);
			path = NetworkingModels;
			sourceTree = "<group>";
		};
		E8C09B2027C7BBB800597ED7 = {
			isa = PBXGroup;
			children = (
				E8C09B2B27C7BBB800597ED7 /* MeetMe */,
				E8C09B2A27C7BBB800597ED7 /* Products */,
			);
			sourceTree = "<group>";
		};
		E8C09B2A27C7BBB800597ED7 /* Products */ = {
			isa = PBXGroup;
			children = (
				E8C09B2927C7BBB800597ED7 /* MeetMe.app */,
			);
			name = Products;
			sourceTree = "<group>";
		};
		E8C09B2B27C7BBB800597ED7 /* MeetMe */ = {
			isa = PBXGroup;
			children = (
				E8C09B7827DA249C00597ED7 /* Networking */,
				E8C09B5B27CFFC9800597ED7 /* Models */,
				E8C09B5827C97CCA00597ED7 /* Helpers */,
				E8C09B4F27C8120800597ED7 /* Extensions */,
				E8C09B2C27C7BBB800597ED7 /* AppDelegate.swift */,
				E8C09B2E27C7BBB800597ED7 /* SceneDelegate.swift */,
				E8C09B3227C7BBB800597ED7 /* Main.storyboard */,
				E8C09B3827C7BBBA00597ED7 /* Assets.xcassets */,
				E8C09B3A27C7BBBA00597ED7 /* LaunchScreen.storyboard */,
				E8C09B3D27C7BBBA00597ED7 /* Info.plist */,
				E8C09B3527C7BBB800597ED7 /* MeetMe.xcdatamodeld */,
				E8C09B4927C7D25E00597ED7 /* Views */,
				E84B76FF27E1FD5900D985A8 /* toDo.rtf */,
			);
			path = MeetMe;
			sourceTree = "<group>";
		};
		E8C09B4927C7D25E00597ED7 /* Views */ = {
			isa = PBXGroup;
			children = (
				E8C09B6727D1297900597ED7 /* SecondaryViews */,
				E8C09B6227D0FB6800597ED7 /* Cells */,
				E8C09B5427C97C6B00597ED7 /* Authentification */,
				E8C09B4A27C7D26C00597ED7 /* MainViews */,
			);
			path = Views;
			sourceTree = "<group>";
		};
		E8C09B4A27C7D26C00597ED7 /* MainViews */ = {
			isa = PBXGroup;
			children = (
				E8C09B4727C7BE3D00597ED7 /* GroupsVC.swift */,
				E8C09B4527C7BE3000597ED7 /* MeetingsVC.swift */,
				E8C09B4327C7BE0E00597ED7 /* AccountVC.swift */,
			);
			path = MainViews;
			sourceTree = "<group>";
		};
		E8C09B4F27C8120800597ED7 /* Extensions */ = {
			isa = PBXGroup;
			children = (
				E8C09B4D27C811E900597ED7 /* UIView+.swift */,
				E8C09B8B27DE44C600597ED7 /* UIStackView+.swift */,
			);
			path = Extensions;
			sourceTree = "<group>";
		};
		E8C09B5427C97C6B00597ED7 /* Authentification */ = {
			isa = PBXGroup;
			children = (
				E8C09B5227C97C6600597ED7 /* LoginVC.swift */,
				E8C09B5627C97CAA00597ED7 /* SignUpVC.swift */,
			);
			path = Authentification;
			sourceTree = "<group>";
		};
		E8C09B5827C97CCA00597ED7 /* Helpers */ = {
			isa = PBXGroup;
			children = (
				E8C09B5027C97B1400597ED7 /* NavigationHandler.swift */,
				E8C09B5927C97CF500597ED7 /* Utilities.swift */,
				E8C09B7027D155D600597ED7 /* Checkbox.swift */,
				E8C09B8127DA354400597ED7 /* ErrorChecker.swift */,
			);
			path = Helpers;
			sourceTree = "<group>";
		};
		E8C09B5B27CFFC9800597ED7 /* Models */ = {
			isa = PBXGroup;
			children = (
				E853FBBB27E91315001313E0 /* NetworkingModels */,
				E8C09B5C27CFFD8000597ED7 /* Meeting.swift */,
				E8C09B5E27CFFF4000597ED7 /* Account.swift */,
				E8C09B6027D000DA00597ED7 /* Interests.swift */,
				E8C09B6827D129E600597ED7 /* MeetingSearchFilter.swift */,
				E8C09B7227D7F45000597ED7 /* User.swift */,
				E8C09B7427D7F62900597ED7 /* Group.swift */,
				E8C09B8327DA383400597ED7 /* Errors.swift */,
			);
			path = Models;
			sourceTree = "<group>";
		};
		E8C09B6227D0FB6800597ED7 /* Cells */ = {
			isa = PBXGroup;
			children = (
				E8C09B6327D0FBA700597ED7 /* MeetingCell.swift */,
				E8A10ABA27E5F895008A43CA /* ViewFriendCellTableViewCell.swift */,
				E853FBB927E912B8001313E0 /* AddParticipantCell.swift */,
			);
			path = Cells;
			sourceTree = "<group>";
		};
		E8C09B6727D1297900597ED7 /* SecondaryViews */ = {
			isa = PBXGroup;
			children = (
				E84B770127E2006D00D985A8 /* Meeting */,
				E8C09B8527DB96DF00597ED7 /* InterestsVC.swift */,
				E8C09B8727DC0B1500597ED7 /* EditAccountVC.swift */,
				E8C09B8F27DF3A5300597ED7 /* FriendsVC.swift */,
				E853FBBE27E9174D001313E0 /* ChooseParticipantsVC.swift */,
				E853FBC227EA12C2001313E0 /* CreateGroupVC.swift */,
			);
			path = SecondaryViews;
			sourceTree = "<group>";
		};
		E8C09B7827DA249C00597ED7 /* Networking */ = {
			isa = PBXGroup;
			children = (
				E8C09B7927DA24B000597ED7 /* Server.swift */,
				E8C09B7D27DA2E2E00597ED7 /* NetWorker.swift */,
				E8C09B7F27DA2E9B00597ED7 /* NetworkMonitor.swift */,
				E8A10ABC27E78645008A43CA /* FriendsRequests.swift */,
				E8A10ABE27E78660008A43CA /* MeetingRequests.swift */,
				E8A10AC027E78A07008A43CA /* AccountRequests.swift */,
			);
			path = Networking;
			sourceTree = "<group>";
		};
/* End PBXGroup section */

/* Begin PBXNativeTarget section */
		E8C09B2827C7BBB800597ED7 /* MeetMe */ = {
			isa = PBXNativeTarget;
			buildConfigurationList = E8C09B4027C7BBBA00597ED7 /* Build configuration list for PBXNativeTarget "MeetMe" */;
			buildPhases = (
				E8C09B2527C7BBB800597ED7 /* Sources */,
				E8C09B2627C7BBB800597ED7 /* Frameworks */,
				E8C09B2727C7BBB800597ED7 /* Resources */,
			);
			buildRules = (
			);
			dependencies = (
			);
			name = MeetMe;
			productName = MeetMe;
			productReference = E8C09B2927C7BBB800597ED7 /* MeetMe.app */;
			productType = "com.apple.product-type.application";
		};
/* End PBXNativeTarget section */

/* Begin PBXProject section */
		E8C09B2127C7BBB800597ED7 /* Project object */ = {
			isa = PBXProject;
			attributes = {
				BuildIndependentTargetsInParallel = 1;
				LastSwiftUpdateCheck = 1320;
				LastUpgradeCheck = 1320;
				TargetAttributes = {
					E8C09B2827C7BBB800597ED7 = {
						CreatedOnToolsVersion = 13.2.1;
					};
				};
			};
			buildConfigurationList = E8C09B2427C7BBB800597ED7 /* Build configuration list for PBXProject "MeetMe" */;
			compatibilityVersion = "Xcode 13.0";
			developmentRegion = en;
			hasScannedForEncodings = 0;
			knownRegions = (
				en,
				Base,
			);
			mainGroup = E8C09B2027C7BBB800597ED7;
			productRefGroup = E8C09B2A27C7BBB800597ED7 /* Products */;
			projectDirPath = "";
			projectRoot = "";
			targets = (
				E8C09B2827C7BBB800597ED7 /* MeetMe */,
			);
		};
/* End PBXProject section */

/* Begin PBXResourcesBuildPhase section */
		E8C09B2727C7BBB800597ED7 /* Resources */ = {
			isa = PBXResourcesBuildPhase;
			buildActionMask = 2147483647;
			files = (
				E84B770027E1FD5900D985A8 /* toDo.rtf in Resources */,
				E8C09B3C27C7BBBA00597ED7 /* LaunchScreen.storyboard in Resources */,
				E8C09B3927C7BBBA00597ED7 /* Assets.xcassets in Resources */,
				E8C09B3427C7BBB800597ED7 /* Main.storyboard in Resources */,
			);
			runOnlyForDeploymentPostprocessing = 0;
		};
/* End PBXResourcesBuildPhase section */

/* Begin PBXSourcesBuildPhase section */
		E8C09B2527C7BBB800597ED7 /* Sources */ = {
			isa = PBXSourcesBuildPhase;
			buildActionMask = 2147483647;
			files = (
				E8C09B3727C7BBB800597ED7 /* MeetMe.xcdatamodeld in Sources */,
				E8C09B8027DA2E9B00597ED7 /* NetworkMonitor.swift in Sources */,
				E8C09B8C27DE44C700597ED7 /* UIStackView+.swift in Sources */,
				E8C09B5F27CFFF4000597ED7 /* Account.swift in Sources */,
				E8C09B7127D155D600597ED7 /* Checkbox.swift in Sources */,
				E853FBC127E91A23001313E0 /* Participant.swift in Sources */,
				E8C09B8627DB96E000597ED7 /* InterestsVC.swift in Sources */,
				E8C09B7527D7F62900597ED7 /* Group.swift in Sources */,
				E8C09B5D27CFFD8000597ED7 /* Meeting.swift in Sources */,
				E8C09B4427C7BE0E00597ED7 /* AccountVC.swift in Sources */,
				E8A10ABF27E78660008A43CA /* MeetingRequests.swift in Sources */,
				E8C09B6627D1296500597ED7 /* SearchFilterVC.swift in Sources */,
				E8C09B7A27DA24B000597ED7 /* Server.swift in Sources */,
				E8C09B9027DF3A5300597ED7 /* FriendsVC.swift in Sources */,
				E8C09B8A27DCE4EE00597ED7 /* CreateMeetingVC.swift in Sources */,
				E8A10ABD27E78645008A43CA /* FriendsRequests.swift in Sources */,
				E8C09B8227DA354400597ED7 /* ErrorChecker.swift in Sources */,
				E8C09B6427D0FBA700597ED7 /* MeetingCell.swift in Sources */,
				E8C09B4627C7BE3000597ED7 /* MeetingsVC.swift in Sources */,
				E853FBBF27E9174D001313E0 /* ChooseParticipantsVC.swift in Sources */,
				E8C09B6127D000DA00597ED7 /* Interests.swift in Sources */,
				E8C09B6927D129E600597ED7 /* MeetingSearchFilter.swift in Sources */,
				E8C09B5727C97CAA00597ED7 /* SignUpVC.swift in Sources */,
				E8C09B7E27DA2E2E00597ED7 /* NetWorker.swift in Sources */,
				E8C09B4E27C811E900597ED7 /* UIView+.swift in Sources */,
				E8C09B5327C97C6600597ED7 /* LoginVC.swift in Sources */,
				E8A10ABB27E5F895008A43CA /* ViewFriendCellTableViewCell.swift in Sources */,
				E8C09B8827DC0B1500597ED7 /* EditAccountVC.swift in Sources */,
				E8C09B5A27C97CF500597ED7 /* Utilities.swift in Sources */,
				E853FBC327EA12C2001313E0 /* CreateGroupVC.swift in Sources */,
				E853FBBA27E912B8001313E0 /* AddParticipantCell.swift in Sources */,
				E8C09B8427DA383400597ED7 /* Errors.swift in Sources */,
				E8A10AC127E78A07008A43CA /* AccountRequests.swift in Sources */,
				E8C09B8E27DEC43000597ED7 /* MeetingInfoVC.swift in Sources */,
				E8C09B4827C7BE3D00597ED7 /* GroupsVC.swift in Sources */,
				E8C09B5127C97B1400597ED7 /* NavigationHandler.swift in Sources */,
				E8C09B2D27C7BBB800597ED7 /* AppDelegate.swift in Sources */,
				E8C09B2F27C7BBB800597ED7 /* SceneDelegate.swift in Sources */,
				E8C09B7327D7F45000597ED7 /* User.swift in Sources */,
			);
			runOnlyForDeploymentPostprocessing = 0;
		};
/* End PBXSourcesBuildPhase section */

/* Begin PBXVariantGroup section */
		E8C09B3227C7BBB800597ED7 /* Main.storyboard */ = {
			isa = PBXVariantGroup;
			children = (
				E8C09B3327C7BBB800597ED7 /* Base */,
			);
			name = Main.storyboard;
			sourceTree = "<group>";
		};
		E8C09B3A27C7BBBA00597ED7 /* LaunchScreen.storyboard */ = {
			isa = PBXVariantGroup;
			children = (
				E8C09B3B27C7BBBA00597ED7 /* Base */,
			);
			name = LaunchScreen.storyboard;
			sourceTree = "<group>";
		};
/* End PBXVariantGroup section */

/* Begin XCBuildConfiguration section */
		E8C09B3E27C7BBBA00597ED7 /* Debug */ = {
			isa = XCBuildConfiguration;
			buildSettings = {
				ALWAYS_SEARCH_USER_PATHS = NO;
				CLANG_ANALYZER_NONNULL = YES;
				CLANG_ANALYZER_NUMBER_OBJECT_CONVERSION = YES_AGGRESSIVE;
				CLANG_CXX_LANGUAGE_STANDARD = "gnu++17";
				CLANG_CXX_LIBRARY = "libc++";
				CLANG_ENABLE_MODULES = YES;
				CLANG_ENABLE_OBJC_ARC = YES;
				CLANG_ENABLE_OBJC_WEAK = YES;
				CLANG_WARN_BLOCK_CAPTURE_AUTORELEASING = YES;
				CLANG_WARN_BOOL_CONVERSION = YES;
				CLANG_WARN_COMMA = YES;
				CLANG_WARN_CONSTANT_CONVERSION = YES;
				CLANG_WARN_DEPRECATED_OBJC_IMPLEMENTATIONS = YES;
				CLANG_WARN_DIRECT_OBJC_ISA_USAGE = YES_ERROR;
				CLANG_WARN_DOCUMENTATION_COMMENTS = YES;
				CLANG_WARN_EMPTY_BODY = YES;
				CLANG_WARN_ENUM_CONVERSION = YES;
				CLANG_WARN_INFINITE_RECURSION = YES;
				CLANG_WARN_INT_CONVERSION = YES;
				CLANG_WARN_NON_LITERAL_NULL_CONVERSION = YES;
				CLANG_WARN_OBJC_IMPLICIT_RETAIN_SELF = YES;
				CLANG_WARN_OBJC_LITERAL_CONVERSION = YES;
				CLANG_WARN_OBJC_ROOT_CLASS = YES_ERROR;
				CLANG_WARN_QUOTED_INCLUDE_IN_FRAMEWORK_HEADER = YES;
				CLANG_WARN_RANGE_LOOP_ANALYSIS = YES;
				CLANG_WARN_STRICT_PROTOTYPES = YES;
				CLANG_WARN_SUSPICIOUS_MOVE = YES;
				CLANG_WARN_UNGUARDED_AVAILABILITY = YES_AGGRESSIVE;
				CLANG_WARN_UNREACHABLE_CODE = YES;
				CLANG_WARN__DUPLICATE_METHOD_MATCH = YES;
				COPY_PHASE_STRIP = NO;
				DEBUG_INFORMATION_FORMAT = dwarf;
				ENABLE_STRICT_OBJC_MSGSEND = YES;
				ENABLE_TESTABILITY = YES;
				GCC_C_LANGUAGE_STANDARD = gnu11;
				GCC_DYNAMIC_NO_PIC = NO;
				GCC_NO_COMMON_BLOCKS = YES;
				GCC_OPTIMIZATION_LEVEL = 0;
				GCC_PREPROCESSOR_DEFINITIONS = (
					"DEBUG=1",
					"$(inherited)",
				);
				GCC_WARN_64_TO_32_BIT_CONVERSION = YES;
				GCC_WARN_ABOUT_RETURN_TYPE = YES_ERROR;
				GCC_WARN_UNDECLARED_SELECTOR = YES;
				GCC_WARN_UNINITIALIZED_AUTOS = YES_AGGRESSIVE;
				GCC_WARN_UNUSED_FUNCTION = YES;
				GCC_WARN_UNUSED_VARIABLE = YES;
				IPHONEOS_DEPLOYMENT_TARGET = 15.2;
				MTL_ENABLE_DEBUG_INFO = INCLUDE_SOURCE;
				MTL_FAST_MATH = YES;
				ONLY_ACTIVE_ARCH = YES;
				SDKROOT = iphoneos;
				SWIFT_ACTIVE_COMPILATION_CONDITIONS = DEBUG;
				SWIFT_OPTIMIZATION_LEVEL = "-Onone";
			};
			name = Debug;
		};
		E8C09B3F27C7BBBA00597ED7 /* Release */ = {
			isa = XCBuildConfiguration;
			buildSettings = {
				ALWAYS_SEARCH_USER_PATHS = NO;
				CLANG_ANALYZER_NONNULL = YES;
				CLANG_ANALYZER_NUMBER_OBJECT_CONVERSION = YES_AGGRESSIVE;
				CLANG_CXX_LANGUAGE_STANDARD = "gnu++17";
				CLANG_CXX_LIBRARY = "libc++";
				CLANG_ENABLE_MODULES = YES;
				CLANG_ENABLE_OBJC_ARC = YES;
				CLANG_ENABLE_OBJC_WEAK = YES;
				CLANG_WARN_BLOCK_CAPTURE_AUTORELEASING = YES;
				CLANG_WARN_BOOL_CONVERSION = YES;
				CLANG_WARN_COMMA = YES;
				CLANG_WARN_CONSTANT_CONVERSION = YES;
				CLANG_WARN_DEPRECATED_OBJC_IMPLEMENTATIONS = YES;
				CLANG_WARN_DIRECT_OBJC_ISA_USAGE = YES_ERROR;
				CLANG_WARN_DOCUMENTATION_COMMENTS = YES;
				CLANG_WARN_EMPTY_BODY = YES;
				CLANG_WARN_ENUM_CONVERSION = YES;
				CLANG_WARN_INFINITE_RECURSION = YES;
				CLANG_WARN_INT_CONVERSION = YES;
				CLANG_WARN_NON_LITERAL_NULL_CONVERSION = YES;
				CLANG_WARN_OBJC_IMPLICIT_RETAIN_SELF = YES;
				CLANG_WARN_OBJC_LITERAL_CONVERSION = YES;
				CLANG_WARN_OBJC_ROOT_CLASS = YES_ERROR;
				CLANG_WARN_QUOTED_INCLUDE_IN_FRAMEWORK_HEADER = YES;
				CLANG_WARN_RANGE_LOOP_ANALYSIS = YES;
				CLANG_WARN_STRICT_PROTOTYPES = YES;
				CLANG_WARN_SUSPICIOUS_MOVE = YES;
				CLANG_WARN_UNGUARDED_AVAILABILITY = YES_AGGRESSIVE;
				CLANG_WARN_UNREACHABLE_CODE = YES;
				CLANG_WARN__DUPLICATE_METHOD_MATCH = YES;
				COPY_PHASE_STRIP = NO;
				DEBUG_INFORMATION_FORMAT = "dwarf-with-dsym";
				ENABLE_NS_ASSERTIONS = NO;
				ENABLE_STRICT_OBJC_MSGSEND = YES;
				GCC_C_LANGUAGE_STANDARD = gnu11;
				GCC_NO_COMMON_BLOCKS = YES;
				GCC_WARN_64_TO_32_BIT_CONVERSION = YES;
				GCC_WARN_ABOUT_RETURN_TYPE = YES_ERROR;
				GCC_WARN_UNDECLARED_SELECTOR = YES;
				GCC_WARN_UNINITIALIZED_AUTOS = YES_AGGRESSIVE;
				GCC_WARN_UNUSED_FUNCTION = YES;
				GCC_WARN_UNUSED_VARIABLE = YES;
				IPHONEOS_DEPLOYMENT_TARGET = 15.2;
				MTL_ENABLE_DEBUG_INFO = NO;
				MTL_FAST_MATH = YES;
				SDKROOT = iphoneos;
				SWIFT_COMPILATION_MODE = wholemodule;
				SWIFT_OPTIMIZATION_LEVEL = "-O";
				VALIDATE_PRODUCT = YES;
			};
			name = Release;
		};
		E8C09B4127C7BBBA00597ED7 /* Debug */ = {
			isa = XCBuildConfiguration;
			buildSettings = {
				ASSETCATALOG_COMPILER_APPICON_NAME = AppIcon;
				ASSETCATALOG_COMPILER_GLOBAL_ACCENT_COLOR_NAME = AccentColor;
				CODE_SIGN_STYLE = Automatic;
				CURRENT_PROJECT_VERSION = 1;
				DEVELOPMENT_TEAM = 6M53C5J6J9;
				GENERATE_INFOPLIST_FILE = YES;
				INFOPLIST_FILE = MeetMe/Info.plist;
				INFOPLIST_KEY_UIApplicationSupportsIndirectInputEvents = YES;
				INFOPLIST_KEY_UILaunchStoryboardName = LaunchScreen;
				INFOPLIST_KEY_UIMainStoryboardFile = Main;
				INFOPLIST_KEY_UISupportedInterfaceOrientations = UIInterfaceOrientationPortrait;
				INFOPLIST_KEY_UISupportedInterfaceOrientations_iPad = UIInterfaceOrientationPortrait;
				INFOPLIST_KEY_UISupportedInterfaceOrientations_iPhone = UIInterfaceOrientationPortrait;
				LD_RUNPATH_SEARCH_PATHS = (
					"$(inherited)",
					"@executable_path/Frameworks",
				);
				MARKETING_VERSION = 1.0;
				PRODUCT_BUNDLE_IDENTIFIER = "-.MeetMe";
				PRODUCT_NAME = "$(TARGET_NAME)";
				SWIFT_EMIT_LOC_STRINGS = YES;
				SWIFT_VERSION = 5.0;
				TARGETED_DEVICE_FAMILY = "1,2";
			};
			name = Debug;
		};
		E8C09B4227C7BBBA00597ED7 /* Release */ = {
			isa = XCBuildConfiguration;
			buildSettings = {
				ASSETCATALOG_COMPILER_APPICON_NAME = AppIcon;
				ASSETCATALOG_COMPILER_GLOBAL_ACCENT_COLOR_NAME = AccentColor;
				CODE_SIGN_STYLE = Automatic;
				CURRENT_PROJECT_VERSION = 1;
				DEVELOPMENT_TEAM = 6M53C5J6J9;
				GENERATE_INFOPLIST_FILE = YES;
				INFOPLIST_FILE = MeetMe/Info.plist;
				INFOPLIST_KEY_UIApplicationSupportsIndirectInputEvents = YES;
				INFOPLIST_KEY_UILaunchStoryboardName = LaunchScreen;
				INFOPLIST_KEY_UIMainStoryboardFile = Main;
				INFOPLIST_KEY_UISupportedInterfaceOrientations = UIInterfaceOrientationPortrait;
				INFOPLIST_KEY_UISupportedInterfaceOrientations_iPad = UIInterfaceOrientationPortrait;
				INFOPLIST_KEY_UISupportedInterfaceOrientations_iPhone = UIInterfaceOrientationPortrait;
				LD_RUNPATH_SEARCH_PATHS = (
					"$(inherited)",
					"@executable_path/Frameworks",
				);
				MARKETING_VERSION = 1.0;
				PRODUCT_BUNDLE_IDENTIFIER = "-.MeetMe";
				PRODUCT_NAME = "$(TARGET_NAME)";
				SWIFT_EMIT_LOC_STRINGS = YES;
				SWIFT_VERSION = 5.0;
				TARGETED_DEVICE_FAMILY = "1,2";
			};
			name = Release;
		};
/* End XCBuildConfiguration section */

/* Begin XCConfigurationList section */
		E8C09B2427C7BBB800597ED7 /* Build configuration list for PBXProject "MeetMe" */ = {
			isa = XCConfigurationList;
			buildConfigurations = (
				E8C09B3E27C7BBBA00597ED7 /* Debug */,
				E8C09B3F27C7BBBA00597ED7 /* Release */,
			);
			defaultConfigurationIsVisible = 0;
			defaultConfigurationName = Release;
		};
		E8C09B4027C7BBBA00597ED7 /* Build configuration list for PBXNativeTarget "MeetMe" */ = {
			isa = XCConfigurationList;
			buildConfigurations = (
				E8C09B4127C7BBBA00597ED7 /* Debug */,
				E8C09B4227C7BBBA00597ED7 /* Release */,
			);
			defaultConfigurationIsVisible = 0;
			defaultConfigurationName = Release;
		};
/* End XCConfigurationList section */

/* Begin XCVersionGroup section */
		E8C09B3527C7BBB800597ED7 /* MeetMe.xcdatamodeld */ = {
			isa = XCVersionGroup;
			children = (
				E8C09B3627C7BBB800597ED7 /* MeetMe.xcdatamodel */,
			);
			currentVersion = E8C09B3627C7BBB800597ED7 /* MeetMe.xcdatamodel */;
			path = MeetMe.xcdatamodeld;
			sourceTree = "<group>";
			versionGroupType = wrapper.xcdatamodel;
		};
/* End XCVersionGroup section */
	};
	rootObject = E8C09B2127C7BBB800597ED7 /* Project object */;
}
